// !$*UTF8*$!
{
	archiveVersion = 1;
	classes = {
	};
	objectVersion = 46;
	objects = {

/* Begin PBXBuildFile section */
		0200C26A1F9AD21F00309527 /* WatchEpisodeCellViewModel.swift in Sources */ = {isa = PBXBuildFile; fileRef = 0200C2691F9AD21F00309527 /* WatchEpisodeCellViewModel.swift */; };
		0200C26C1F9AD22E00309527 /* PodcastEpisodeCellViewModel.swift in Sources */ = {isa = PBXBuildFile; fileRef = 0200C26B1F9AD22E00309527 /* PodcastEpisodeCellViewModel.swift */; };
		0200C26E1F9AD24000309527 /* RecentEpisodeCellViewModel.swift in Sources */ = {isa = PBXBuildFile; fileRef = 0200C26D1F9AD24000309527 /* RecentEpisodeCellViewModel.swift */; };
		020932901E93326200948002 /* Episode.swift in Sources */ = {isa = PBXBuildFile; fileRef = 0209328E1E93321700948002 /* Episode.swift */; };
		020E296C1E920258008013C0 /* MessageType.swift in Sources */ = {isa = PBXBuildFile; fileRef = 020E296B1E920258008013C0 /* MessageType.swift */; };
		020E296D1E9202EA008013C0 /* MessageType.swift in Sources */ = {isa = PBXBuildFile; fileRef = 020E296B1E920258008013C0 /* MessageType.swift */; };
		020E296E1E920E2A008013C0 /* Pod2WatchOnWatch.xcdatamodeld in Sources */ = {isa = PBXBuildFile; fileRef = 021C82671E88545700E2265E /* Pod2WatchOnWatch.xcdatamodeld */; };
		020E29721E920E7A008013C0 /* PersistentContainer.swift in Sources */ = {isa = PBXBuildFile; fileRef = 020E29711E920E7A008013C0 /* PersistentContainer.swift */; };
		020E29731E920E91008013C0 /* PersistentContainer.swift in Sources */ = {isa = PBXBuildFile; fileRef = 02C1DD201E4B94C7000C760D /* PersistentContainer.swift */; };
		0212D6861E52DF7C002DD840 /* IGListKit.framework in Frameworks */ = {isa = PBXBuildFile; fileRef = 0212D6851E52DF7C002DD840 /* IGListKit.framework */; };
		021B615B1E4FCBA2007CD7A2 /* MyWatchViewController.swift in Sources */ = {isa = PBXBuildFile; fileRef = 021B615A1E4FCBA2007CD7A2 /* MyWatchViewController.swift */; };
		021B615D1E4FCF1F007CD7A2 /* MyWatchEpisodeCell.swift in Sources */ = {isa = PBXBuildFile; fileRef = 021B615C1E4FCF1F007CD7A2 /* MyWatchEpisodeCell.swift */; };
		021C826B1E88A2F400E2265E /* String+withoutThe.swift in Sources */ = {isa = PBXBuildFile; fileRef = 021C826A1E88A2F400E2265E /* String+withoutThe.swift */; };
		021C826D1E88B60600E2265E /* InMemoryContainer.swift in Sources */ = {isa = PBXBuildFile; fileRef = 021C826C1E88B60600E2265E /* InMemoryContainer.swift */; };
		021C82701E88B6C400E2265E /* Pod2WatchPersistent.xcdatamodeld in Sources */ = {isa = PBXBuildFile; fileRef = 021C826E1E88B6C400E2265E /* Pod2WatchPersistent.xcdatamodeld */; };
		0220132F1E9304720092DB73 /* NoAccessView.xib in Resources */ = {isa = PBXBuildFile; fileRef = 0220132E1E9304720092DB73 /* NoAccessView.xib */; };
		022013311E9305FD0092DB73 /* RequestAccessView.xib in Resources */ = {isa = PBXBuildFile; fileRef = 022013301E9305FD0092DB73 /* RequestAccessView.xib */; };
		02256CED1EB901FF00BDFD4B /* NowPlayingController.swift in Sources */ = {isa = PBXBuildFile; fileRef = 02FACB261EB8F32400036B9F /* NowPlayingController.swift */; };
		02298D0C1E930717001BE8D5 /* OpenPodcastsView.xib in Resources */ = {isa = PBXBuildFile; fileRef = 02298D0B1E930717001BE8D5 /* OpenPodcastsView.xib */; };
		0229CF281EBEECF800A2A052 /* UIImage+Scale.swift in Sources */ = {isa = PBXBuildFile; fileRef = 0229CF261EBEECCF00A2A052 /* UIImage+Scale.swift */; };
		022CA0311E4FB73D00B49A66 /* Alamofire.framework in Frameworks */ = {isa = PBXBuildFile; fileRef = 02310CDE1E4BA76000D427EE /* Alamofire.framework */; };
		022CA0331E4FBF4500B49A66 /* AlamofireImage.framework in Frameworks */ = {isa = PBXBuildFile; fileRef = 022CA0321E4FBF4500B49A66 /* AlamofireImage.framework */; };
		022CA0351E4FC48600B49A66 /* BorderButton.swift in Sources */ = {isa = PBXBuildFile; fileRef = 022CA0341E4FC48600B49A66 /* BorderButton.swift */; };
		02310CDA1E4B9BC000D427EE /* Cartfile in Resources */ = {isa = PBXBuildFile; fileRef = 02310CD91E4B9BC000D427EE /* Cartfile */; };
		0244CB591F97F29F0058BC9E /* UIApplication+OpenPodcasts.swift in Sources */ = {isa = PBXBuildFile; fileRef = 0244CB581F97F29F0058BC9E /* UIApplication+OpenPodcasts.swift */; };
		024AB56D1EAA7C38002A6B3B /* TransferredPodcast.swift in Sources */ = {isa = PBXBuildFile; fileRef = 024AB56C1EAA7C38002A6B3B /* TransferredPodcast.swift */; };
		024AB56F1EAAF256002A6B3B /* 1.0 > 1.1.xcmappingmodel in Sources */ = {isa = PBXBuildFile; fileRef = 024AB56E1EAAF256002A6B3B /* 1.0 > 1.1.xcmappingmodel */; };
		024D9A181EA9ECE900F0485D /* ReactiveCocoa.framework in Frameworks */ = {isa = PBXBuildFile; fileRef = 024D9A171EA9ECE900F0485D /* ReactiveCocoa.framework */; };
		02508F831E85D6C3000AAA43 /* ReactiveSwift.framework in Frameworks */ = {isa = PBXBuildFile; fileRef = 02508F811E85D6C3000AAA43 /* ReactiveSwift.framework */; };
		02508F841E85D6C3000AAA43 /* Result.framework in Frameworks */ = {isa = PBXBuildFile; fileRef = 02508F821E85D6C3000AAA43 /* Result.framework */; };
		0252166F1F9D3937001E808D /* File.swift in Sources */ = {isa = PBXBuildFile; fileRef = 0252166E1F9D3937001E808D /* File.swift */; };
		025216701F9D3937001E808D /* File.swift in Sources */ = {isa = PBXBuildFile; fileRef = 0252166E1F9D3937001E808D /* File.swift */; };
		025216761F9D6E15001E808D /* TopPodcastDetails.swift in Sources */ = {isa = PBXBuildFile; fileRef = 025216751F9D6E15001E808D /* TopPodcastDetails.swift */; };
		025EB9711E871AC800B41025 /* racAdditions.framework in Frameworks */ = {isa = PBXBuildFile; fileRef = 025EB9701E871AC800B41025 /* racAdditions.framework */; };
		025EB9751E8739E000B41025 /* TransferredEpisode.swift in Sources */ = {isa = PBXBuildFile; fileRef = 025EB9741E8739E000B41025 /* TransferredEpisode.swift */; };
		026481AE1EBD0310002A3B2B /* AudioPlayer.swift in Sources */ = {isa = PBXBuildFile; fileRef = 026481AC1EBD02A3002A3B2B /* AudioPlayer.swift */; };
		026568C71F9AC78E00E3C082 /* PodcastAlertController.swift in Sources */ = {isa = PBXBuildFile; fileRef = 026568C61F9AC78E00E3C082 /* PodcastAlertController.swift */; };
		026568CA1F9ACDFF00E3C082 /* PodcastCellViewModel.swift in Sources */ = {isa = PBXBuildFile; fileRef = 026568C91F9ACDFF00E3C082 /* PodcastCellViewModel.swift */; };
		026644071F9C151F00DDD87A /* DownloadPodcastController.swift in Sources */ = {isa = PBXBuildFile; fileRef = 026644061F9C151F00DDD87A /* DownloadPodcastController.swift */; };
		026644091F9C15C600DDD87A /* DownloadPodcastRowController.swift in Sources */ = {isa = PBXBuildFile; fileRef = 026644081F9C15C600DDD87A /* DownloadPodcastRowController.swift */; };
		0266440B1F9C15D400DDD87A /* DownloadEpisodeRowController.swift in Sources */ = {isa = PBXBuildFile; fileRef = 0266440A1F9C15D400DDD87A /* DownloadEpisodeRowController.swift */; };
		0266440D1F9C194500DDD87A /* DownloadPodcast.swift in Sources */ = {isa = PBXBuildFile; fileRef = 0266440C1F9C194500DDD87A /* DownloadPodcast.swift */; };
		026644161F9C210700DDD87A /* TopPodcastsFeed.swift in Sources */ = {isa = PBXBuildFile; fileRef = 026644151F9C210700DDD87A /* TopPodcastsFeed.swift */; };
		0266441A1F9C216E00DDD87A /* TopPodcastsResponse.swift in Sources */ = {isa = PBXBuildFile; fileRef = 026644191F9C216E00DDD87A /* TopPodcastsResponse.swift */; };
		0266441C1F9C269000DDD87A /* DownloadEpisodeController.swift in Sources */ = {isa = PBXBuildFile; fileRef = 0266441B1F9C269000DDD87A /* DownloadEpisodeController.swift */; };
		0266441E1F9C275800DDD87A /* PodcastDetailsResponse.swift in Sources */ = {isa = PBXBuildFile; fileRef = 0266441D1F9C275800DDD87A /* PodcastDetailsResponse.swift */; };
		026644201F9C279500DDD87A /* PodcastDetails.swift in Sources */ = {isa = PBXBuildFile; fileRef = 0266441F1F9C279500DDD87A /* PodcastDetails.swift */; };
		026644221F9C2C0200DDD87A /* SWXMLHash.framework in Frameworks */ = {isa = PBXBuildFile; fileRef = 026644211F9C2C0200DDD87A /* SWXMLHash.framework */; };
		026644241F9C2D2E00DDD87A /* DownloadEpisode.swift in Sources */ = {isa = PBXBuildFile; fileRef = 026644231F9C2D2D00DDD87A /* DownloadEpisode.swift */; };
		02666DD11EBAC37A0091293B /* PodcastTransferManager.swift in Sources */ = {isa = PBXBuildFile; fileRef = 02666DCF1EBAC3760091293B /* PodcastTransferManager.swift */; };
		026730061EBE96B500922CDC /* Podcast.swift in Sources */ = {isa = PBXBuildFile; fileRef = 026730041EBE95F700922CDC /* Podcast.swift */; };
		026CF5AC1F9A670100269E2A /* OpenPodcastsSectionController.swift in Sources */ = {isa = PBXBuildFile; fileRef = 026CF5AB1F9A670100269E2A /* OpenPodcastsSectionController.swift */; };
		026CF5AE1F9A68A300269E2A /* OpenPodcastsCell.swift in Sources */ = {isa = PBXBuildFile; fileRef = 026CF5AD1F9A68A300269E2A /* OpenPodcastsCell.swift */; };
		026CF5B01F9A73CD00269E2A /* EmptySearchView.xib in Resources */ = {isa = PBXBuildFile; fileRef = 026CF5AF1F9A73CD00269E2A /* EmptySearchView.xib */; };
		027081E91F97292D00FBBE64 /* WKAudioFileQueuePlayer+RemoveCurrent.swift in Sources */ = {isa = PBXBuildFile; fileRef = 027081E81F97292D00FBBE64 /* WKAudioFileQueuePlayer+RemoveCurrent.swift */; };
		0272D2D01E78ED0C00205049 /* RecentPodcastsHeaderView.xib in Resources */ = {isa = PBXBuildFile; fileRef = 0272D2CF1E78ED0C00205049 /* RecentPodcastsHeaderView.xib */; };
		0272D2D21E78ED4400205049 /* RecentPodcastsHeaderView.swift in Sources */ = {isa = PBXBuildFile; fileRef = 0272D2D11E78ED4400205049 /* RecentPodcastsHeaderView.swift */; };
		0275B0351F9985C7006F5467 /* NotSyncedController.swift in Sources */ = {isa = PBXBuildFile; fileRef = 0275B0331F998020006F5467 /* NotSyncedController.swift */; };
		027E7F7D1E5F7DF4005876C9 /* RecentPodcastsViewController.swift in Sources */ = {isa = PBXBuildFile; fileRef = 027E7F7C1E5F7DF4005876C9 /* RecentPodcastsViewController.swift */; };
		02847FBD1E54DE6400A1DC86 /* EpisodeCell.swift in Sources */ = {isa = PBXBuildFile; fileRef = 02847FBC1E54DE6400A1DC86 /* EpisodeCell.swift */; };
		02847FBF1E54E05700A1DC86 /* RecentEpisodeCell.swift in Sources */ = {isa = PBXBuildFile; fileRef = 02847FBE1E54E05700A1DC86 /* RecentEpisodeCell.swift */; };
		02907C0A1E64F61D0044140D /* SyncButton.swift in Sources */ = {isa = PBXBuildFile; fileRef = 02907C091E64F61C0044140D /* SyncButton.swift */; };
		029D954F1E8A2783000D87C8 /* BorderImageView.swift in Sources */ = {isa = PBXBuildFile; fileRef = 029D954E1E8A2783000D87C8 /* BorderImageView.swift */; };
		02B0134E1F9C596900E8F1CB /* Alamofire.framework in Frameworks */ = {isa = PBXBuildFile; fileRef = 02B0134C1F9C596700E8F1CB /* Alamofire.framework */; };
		02B0134F1F9C596900E8F1CB /* AlamofireImage.framework in Frameworks */ = {isa = PBXBuildFile; fileRef = 02B0134D1F9C596800E8F1CB /* AlamofireImage.framework */; };
		02B22D2F1E8DE9E000A12113 /* PodcastTransferManager.swift in Sources */ = {isa = PBXBuildFile; fileRef = 02B22D2E1E8DE9E000A12113 /* PodcastTransferManager.swift */; };
		02BB4D171E4E4F8300F08B7F /* LaunchScreen.storyboard in Resources */ = {isa = PBXBuildFile; fileRef = 02BB4D161E4E4F8300F08B7F /* LaunchScreen.storyboard */; };
		02BB4D1B1E4E5DE800F08B7F /* MyPodcastsViewController.swift in Sources */ = {isa = PBXBuildFile; fileRef = 02BB4D1A1E4E5DE800F08B7F /* MyPodcastsViewController.swift */; };
		02BB4D1D1E4E65A600F08B7F /* PodcastCell.swift in Sources */ = {isa = PBXBuildFile; fileRef = 02BB4D1C1E4E65A600F08B7F /* PodcastCell.swift */; };
		02BB4D1F1E4E674300F08B7F /* MyPodcastsEpisodesViewController.swift in Sources */ = {isa = PBXBuildFile; fileRef = 02BB4D1E1E4E674300F08B7F /* MyPodcastsEpisodesViewController.swift */; };
		02BB4D211E4E693200F08B7F /* MyPodcastsEpisodeCell.swift in Sources */ = {isa = PBXBuildFile; fileRef = 02BB4D201E4E693200F08B7F /* MyPodcastsEpisodeCell.swift */; };
		02BB4D291E4E914600F08B7F /* EpisodesTableRowController.swift in Sources */ = {isa = PBXBuildFile; fileRef = 02BB4D281E4E914600F08B7F /* EpisodesTableRowController.swift */; };
		02C0ABD21EC663EE00D9876E /* ComplicationDataSource.swift in Sources */ = {isa = PBXBuildFile; fileRef = 02C0ABD01EC663E600D9876E /* ComplicationDataSource.swift */; };
		02C1DCE31E4B9281000C760D /* AppDelegate.swift in Sources */ = {isa = PBXBuildFile; fileRef = 02C1DCE21E4B9281000C760D /* AppDelegate.swift */; };
		02C1DCEA1E4B9281000C760D /* Assets.xcassets in Resources */ = {isa = PBXBuildFile; fileRef = 02C1DCE91E4B9281000C760D /* Assets.xcassets */; };
		02C1DCED1E4B9281000C760D /* Main.storyboard in Resources */ = {isa = PBXBuildFile; fileRef = 02C1DCEB1E4B9281000C760D /* Main.storyboard */; };
		02C1DCF21E4B9281000C760D /* Pod2Watch WatchKit App.app in Embed Watch Content */ = {isa = PBXBuildFile; fileRef = 02C1DCF11E4B9281000C760D /* Pod2Watch WatchKit App.app */; };
		02C1DCF81E4B9281000C760D /* Interface.storyboard in Resources */ = {isa = PBXBuildFile; fileRef = 02C1DCF61E4B9281000C760D /* Interface.storyboard */; };
		02C1DCFA1E4B9281000C760D /* Assets.xcassets in Resources */ = {isa = PBXBuildFile; fileRef = 02C1DCF91E4B9281000C760D /* Assets.xcassets */; };
		02C1DD011E4B9281000C760D /* Pod2Watch WatchKit Extension.appex in Embed App Extensions */ = {isa = PBXBuildFile; fileRef = 02C1DD001E4B9281000C760D /* Pod2Watch WatchKit Extension.appex */; settings = {ATTRIBUTES = (RemoveHeadersOnCopy, ); }; };
		02C1DD061E4B9281000C760D /* EpisodeListController.swift in Sources */ = {isa = PBXBuildFile; fileRef = 02C1DD051E4B9281000C760D /* EpisodeListController.swift */; };
		02C1DD081E4B9281000C760D /* ExtensionDelegate.swift in Sources */ = {isa = PBXBuildFile; fileRef = 02C1DD071E4B9281000C760D /* ExtensionDelegate.swift */; };
		02C1DD0A1E4B9281000C760D /* Assets.xcassets in Resources */ = {isa = PBXBuildFile; fileRef = 02C1DD091E4B9281000C760D /* Assets.xcassets */; };
		02C1DD1D1E4B929D000C760D /* Pod2Watch.xcdatamodeld in Sources */ = {isa = PBXBuildFile; fileRef = 02C1DD1B1E4B929D000C760D /* Pod2Watch.xcdatamodeld */; };
		02CED0B11EBEC42000EE8AB1 /* SeekController.swift in Sources */ = {isa = PBXBuildFile; fileRef = 02CED0AF1EBEC3EC00EE8AB1 /* SeekController.swift */; };
		02CED0B31EBEDA9200EE8AB1 /* ReactiveCocoa.framework in Frameworks */ = {isa = PBXBuildFile; fileRef = 02CED0B21EBEDA9200EE8AB1 /* ReactiveCocoa.framework */; };
		02CED0B51EBEE10C00EE8AB1 /* String + SanitizeFilePath.swift in Sources */ = {isa = PBXBuildFile; fileRef = 02CED0B41EBEE10C00EE8AB1 /* String + SanitizeFilePath.swift */; };
		02D75C5B1F97DF8F009FC4B2 /* URLTransformer.swift in Sources */ = {isa = PBXBuildFile; fileRef = 02D75C5A1F97DF8F009FC4B2 /* URLTransformer.swift */; };
		02D75C5C1F97DF8F009FC4B2 /* URLTransformer.swift in Sources */ = {isa = PBXBuildFile; fileRef = 02D75C5A1F97DF8F009FC4B2 /* URLTransformer.swift */; };
		02D75C5E1F97DFB2009FC4B2 /* UIImageTransformer.swift in Sources */ = {isa = PBXBuildFile; fileRef = 02D75C5D1F97DFB2009FC4B2 /* UIImageTransformer.swift */; };
		02D75C5F1F97DFB2009FC4B2 /* UIImageTransformer.swift in Sources */ = {isa = PBXBuildFile; fileRef = 02D75C5D1F97DFB2009FC4B2 /* UIImageTransformer.swift */; };
		02DD2C4E1F9D9B6D0056E908 /* PodcastDownloadManager.swift in Sources */ = {isa = PBXBuildFile; fileRef = 02DD2C4C1F9D99EA0056E908 /* PodcastDownloadManager.swift */; };
		02EC2EEE1EAAF5D30077DF84 /* Versioned.xcdatamodeld in Sources */ = {isa = PBXBuildFile; fileRef = 02EC2EEC1EAAF5D30077DF84 /* Versioned.xcdatamodeld */; };
		02EF91911F9C82A600FAE1D6 /* DownloadNotificationController.swift in Sources */ = {isa = PBXBuildFile; fileRef = 02EF91901F9C82A600FAE1D6 /* DownloadNotificationController.swift */; };
		02EFE6511F9C316A00C9D7BD /* DeleteAllController.swift in Sources */ = {isa = PBXBuildFile; fileRef = 02EFE64F1F9C313600C9D7BD /* DeleteAllController.swift */; };
		02F105111F99DF1600152984 /* PodcastSectionController.swift in Sources */ = {isa = PBXBuildFile; fileRef = 02B2DA8B1E53C42A00E54A15 /* PodcastSectionController.swift */; };
		02F1D4491EA97CCA0098A50E /* Settings.bundle in Resources */ = {isa = PBXBuildFile; fileRef = 02F1D4481EA97CCA0098A50E /* Settings.bundle */; };
		02F1D44E1EA9B5070098A50E /* LibraryEpisode.swift in Sources */ = {isa = PBXBuildFile; fileRef = 02F1D44D1EA9B5070098A50E /* LibraryEpisode.swift */; };
		02F1D4501EA9B5980098A50E /* LibraryPodcast.swift in Sources */ = {isa = PBXBuildFile; fileRef = 02F1D44F1EA9B5980098A50E /* LibraryPodcast.swift */; };
		02F686C81EBA799000F19D72 /* ReactiveSwift.framework in Frameworks */ = {isa = PBXBuildFile; fileRef = 02F686C61EBA799000F19D72 /* ReactiveSwift.framework */; };
		02F686C91EBA799000F19D72 /* Result.framework in Frameworks */ = {isa = PBXBuildFile; fileRef = 02F686C71EBA799000F19D72 /* Result.framework */; };
/* End PBXBuildFile section */

/* Begin PBXContainerItemProxy section */
		02C1DCF31E4B9281000C760D /* PBXContainerItemProxy */ = {
			isa = PBXContainerItemProxy;
			containerPortal = 02C1DCD71E4B9281000C760D /* Project object */;
			proxyType = 1;
			remoteGlobalIDString = 02C1DCF01E4B9281000C760D;
			remoteInfo = "Pod2Watch WatchKit App";
		};
		02C1DD021E4B9281000C760D /* PBXContainerItemProxy */ = {
			isa = PBXContainerItemProxy;
			containerPortal = 02C1DCD71E4B9281000C760D /* Project object */;
			proxyType = 1;
			remoteGlobalIDString = 02C1DCFF1E4B9281000C760D;
			remoteInfo = "Pod2Watch WatchKit Extension";
		};
/* End PBXContainerItemProxy section */

/* Begin PBXCopyFilesBuildPhase section */
		02C1DD111E4B9281000C760D /* Embed App Extensions */ = {
			isa = PBXCopyFilesBuildPhase;
			buildActionMask = 2147483647;
			dstPath = "";
			dstSubfolderSpec = 13;
			files = (
				02C1DD011E4B9281000C760D /* Pod2Watch WatchKit Extension.appex in Embed App Extensions */,
			);
			name = "Embed App Extensions";
			runOnlyForDeploymentPostprocessing = 0;
		};
		02C1DD151E4B9281000C760D /* Embed Watch Content */ = {
			isa = PBXCopyFilesBuildPhase;
			buildActionMask = 2147483647;
			dstPath = "$(CONTENTS_FOLDER_PATH)/Watch";
			dstSubfolderSpec = 16;
			files = (
				02C1DCF21E4B9281000C760D /* Pod2Watch WatchKit App.app in Embed Watch Content */,
			);
			name = "Embed Watch Content";
			runOnlyForDeploymentPostprocessing = 0;
		};
		02C1DD351E4B9577000C760D /* Embed App Extensions */ = {
			isa = PBXCopyFilesBuildPhase;
			buildActionMask = 2147483647;
			dstPath = "";
			dstSubfolderSpec = 13;
			files = (
			);
			name = "Embed App Extensions";
			runOnlyForDeploymentPostprocessing = 0;
		};
/* End PBXCopyFilesBuildPhase section */

/* Begin PBXFileReference section */
		0200C2691F9AD21F00309527 /* WatchEpisodeCellViewModel.swift */ = {isa = PBXFileReference; fileEncoding = 4; lastKnownFileType = sourcecode.swift; path = WatchEpisodeCellViewModel.swift; sourceTree = "<group>"; };
		0200C26B1F9AD22E00309527 /* PodcastEpisodeCellViewModel.swift */ = {isa = PBXFileReference; fileEncoding = 4; lastKnownFileType = sourcecode.swift; path = PodcastEpisodeCellViewModel.swift; sourceTree = "<group>"; };
		0200C26D1F9AD24000309527 /* RecentEpisodeCellViewModel.swift */ = {isa = PBXFileReference; fileEncoding = 4; lastKnownFileType = sourcecode.swift; path = RecentEpisodeCellViewModel.swift; sourceTree = "<group>"; };
		0209328E1E93321700948002 /* Episode.swift */ = {isa = PBXFileReference; fileEncoding = 4; lastKnownFileType = sourcecode.swift; path = Episode.swift; sourceTree = "<group>"; };
		020E296B1E920258008013C0 /* MessageType.swift */ = {isa = PBXFileReference; fileEncoding = 4; lastKnownFileType = sourcecode.swift; path = MessageType.swift; sourceTree = "<group>"; };
		020E29711E920E7A008013C0 /* PersistentContainer.swift */ = {isa = PBXFileReference; fileEncoding = 4; lastKnownFileType = sourcecode.swift; path = PersistentContainer.swift; sourceTree = "<group>"; };
		0212D6851E52DF7C002DD840 /* IGListKit.framework */ = {isa = PBXFileReference; lastKnownFileType = wrapper.framework; name = IGListKit.framework; path = Carthage/Build/iOS/IGListKit.framework; sourceTree = "<group>"; };
		021B615A1E4FCBA2007CD7A2 /* MyWatchViewController.swift */ = {isa = PBXFileReference; fileEncoding = 4; lastKnownFileType = sourcecode.swift; path = MyWatchViewController.swift; sourceTree = "<group>"; };
		021B615C1E4FCF1F007CD7A2 /* MyWatchEpisodeCell.swift */ = {isa = PBXFileReference; fileEncoding = 4; lastKnownFileType = sourcecode.swift; path = MyWatchEpisodeCell.swift; sourceTree = "<group>"; };
		021C82681E88545700E2265E /* Pod2WatchOnWatch.xcdatamodel */ = {isa = PBXFileReference; lastKnownFileType = wrapper.xcdatamodel; path = Pod2WatchOnWatch.xcdatamodel; sourceTree = "<group>"; };
		021C826A1E88A2F400E2265E /* String+withoutThe.swift */ = {isa = PBXFileReference; fileEncoding = 4; lastKnownFileType = sourcecode.swift; path = "String+withoutThe.swift"; sourceTree = "<group>"; };
		021C826C1E88B60600E2265E /* InMemoryContainer.swift */ = {isa = PBXFileReference; fileEncoding = 4; lastKnownFileType = sourcecode.swift; path = InMemoryContainer.swift; sourceTree = "<group>"; };
		021C826F1E88B6C400E2265E /* Pod2WatchPersistent.xcdatamodel */ = {isa = PBXFileReference; lastKnownFileType = wrapper.xcdatamodel; path = Pod2WatchPersistent.xcdatamodel; sourceTree = "<group>"; };
		0220132E1E9304720092DB73 /* NoAccessView.xib */ = {isa = PBXFileReference; fileEncoding = 4; lastKnownFileType = file.xib; path = NoAccessView.xib; sourceTree = "<group>"; };
		022013301E9305FD0092DB73 /* RequestAccessView.xib */ = {isa = PBXFileReference; fileEncoding = 4; lastKnownFileType = file.xib; path = RequestAccessView.xib; sourceTree = "<group>"; };
		02298D0B1E930717001BE8D5 /* OpenPodcastsView.xib */ = {isa = PBXFileReference; fileEncoding = 4; lastKnownFileType = file.xib; path = OpenPodcastsView.xib; sourceTree = "<group>"; };
		0229CF261EBEECCF00A2A052 /* UIImage+Scale.swift */ = {isa = PBXFileReference; fileEncoding = 4; lastKnownFileType = sourcecode.swift; path = "UIImage+Scale.swift"; sourceTree = "<group>"; };
		022CA0321E4FBF4500B49A66 /* AlamofireImage.framework */ = {isa = PBXFileReference; lastKnownFileType = wrapper.framework; name = AlamofireImage.framework; path = Carthage/Build/iOS/AlamofireImage.framework; sourceTree = "<group>"; };
		022CA0341E4FC48600B49A66 /* BorderButton.swift */ = {isa = PBXFileReference; fileEncoding = 4; lastKnownFileType = sourcecode.swift; path = BorderButton.swift; sourceTree = "<group>"; };
		02310CD91E4B9BC000D427EE /* Cartfile */ = {isa = PBXFileReference; fileEncoding = 4; lastKnownFileType = text; path = Cartfile; sourceTree = "<group>"; };
		02310CDE1E4BA76000D427EE /* Alamofire.framework */ = {isa = PBXFileReference; lastKnownFileType = wrapper.framework; name = Alamofire.framework; path = Carthage/Build/iOS/Alamofire.framework; sourceTree = "<group>"; };
		0244CB581F97F29F0058BC9E /* UIApplication+OpenPodcasts.swift */ = {isa = PBXFileReference; lastKnownFileType = sourcecode.swift; path = "UIApplication+OpenPodcasts.swift"; sourceTree = "<group>"; };
		024AB56C1EAA7C38002A6B3B /* TransferredPodcast.swift */ = {isa = PBXFileReference; fileEncoding = 4; lastKnownFileType = sourcecode.swift; path = TransferredPodcast.swift; sourceTree = "<group>"; };
		024AB56E1EAAF256002A6B3B /* 1.0 > 1.1.xcmappingmodel */ = {isa = PBXFileReference; lastKnownFileType = wrapper.xcmappingmodel; path = "1.0 > 1.1.xcmappingmodel"; sourceTree = "<group>"; };
		024D9A171EA9ECE900F0485D /* ReactiveCocoa.framework */ = {isa = PBXFileReference; lastKnownFileType = wrapper.framework; name = ReactiveCocoa.framework; path = Carthage/Build/iOS/ReactiveCocoa.framework; sourceTree = "<group>"; };
		02508F811E85D6C3000AAA43 /* ReactiveSwift.framework */ = {isa = PBXFileReference; lastKnownFileType = wrapper.framework; name = ReactiveSwift.framework; path = Carthage/Build/iOS/ReactiveSwift.framework; sourceTree = "<group>"; };
		02508F821E85D6C3000AAA43 /* Result.framework */ = {isa = PBXFileReference; lastKnownFileType = wrapper.framework; name = Result.framework; path = Carthage/Build/iOS/Result.framework; sourceTree = "<group>"; };
		0252166E1F9D3937001E808D /* File.swift */ = {isa = PBXFileReference; lastKnownFileType = sourcecode.swift; path = File.swift; sourceTree = "<group>"; };
		025216751F9D6E15001E808D /* TopPodcastDetails.swift */ = {isa = PBXFileReference; lastKnownFileType = sourcecode.swift; path = TopPodcastDetails.swift; sourceTree = "<group>"; };
		025EB9701E871AC800B41025 /* racAdditions.framework */ = {isa = PBXFileReference; lastKnownFileType = wrapper.framework; name = racAdditions.framework; path = Carthage/Build/iOS/racAdditions.framework; sourceTree = "<group>"; };
		025EB9741E8739E000B41025 /* TransferredEpisode.swift */ = {isa = PBXFileReference; fileEncoding = 4; lastKnownFileType = sourcecode.swift; path = TransferredEpisode.swift; sourceTree = "<group>"; };
		026481AC1EBD02A3002A3B2B /* AudioPlayer.swift */ = {isa = PBXFileReference; fileEncoding = 4; lastKnownFileType = sourcecode.swift; path = AudioPlayer.swift; sourceTree = "<group>"; };
		026568C61F9AC78E00E3C082 /* PodcastAlertController.swift */ = {isa = PBXFileReference; lastKnownFileType = sourcecode.swift; path = PodcastAlertController.swift; sourceTree = "<group>"; };
		026568C91F9ACDFF00E3C082 /* PodcastCellViewModel.swift */ = {isa = PBXFileReference; lastKnownFileType = sourcecode.swift; path = PodcastCellViewModel.swift; sourceTree = "<group>"; };
		026644061F9C151F00DDD87A /* DownloadPodcastController.swift */ = {isa = PBXFileReference; lastKnownFileType = sourcecode.swift; path = DownloadPodcastController.swift; sourceTree = "<group>"; };
		026644081F9C15C600DDD87A /* DownloadPodcastRowController.swift */ = {isa = PBXFileReference; lastKnownFileType = sourcecode.swift; path = DownloadPodcastRowController.swift; sourceTree = "<group>"; };
		0266440A1F9C15D400DDD87A /* DownloadEpisodeRowController.swift */ = {isa = PBXFileReference; lastKnownFileType = sourcecode.swift; path = DownloadEpisodeRowController.swift; sourceTree = "<group>"; };
		0266440C1F9C194500DDD87A /* DownloadPodcast.swift */ = {isa = PBXFileReference; lastKnownFileType = sourcecode.swift; path = DownloadPodcast.swift; sourceTree = "<group>"; };
		026644151F9C210700DDD87A /* TopPodcastsFeed.swift */ = {isa = PBXFileReference; lastKnownFileType = sourcecode.swift; path = TopPodcastsFeed.swift; sourceTree = "<group>"; };
		026644191F9C216E00DDD87A /* TopPodcastsResponse.swift */ = {isa = PBXFileReference; lastKnownFileType = sourcecode.swift; path = TopPodcastsResponse.swift; sourceTree = "<group>"; };
		0266441B1F9C269000DDD87A /* DownloadEpisodeController.swift */ = {isa = PBXFileReference; lastKnownFileType = sourcecode.swift; path = DownloadEpisodeController.swift; sourceTree = "<group>"; };
		0266441D1F9C275800DDD87A /* PodcastDetailsResponse.swift */ = {isa = PBXFileReference; lastKnownFileType = sourcecode.swift; path = PodcastDetailsResponse.swift; sourceTree = "<group>"; };
		0266441F1F9C279500DDD87A /* PodcastDetails.swift */ = {isa = PBXFileReference; lastKnownFileType = sourcecode.swift; path = PodcastDetails.swift; sourceTree = "<group>"; };
		026644211F9C2C0200DDD87A /* SWXMLHash.framework */ = {isa = PBXFileReference; lastKnownFileType = wrapper.framework; name = SWXMLHash.framework; path = Carthage/Build/watchOS/SWXMLHash.framework; sourceTree = "<group>"; };
		026644231F9C2D2D00DDD87A /* DownloadEpisode.swift */ = {isa = PBXFileReference; lastKnownFileType = sourcecode.swift; path = DownloadEpisode.swift; sourceTree = "<group>"; };
		02666DCF1EBAC3760091293B /* PodcastTransferManager.swift */ = {isa = PBXFileReference; fileEncoding = 4; lastKnownFileType = sourcecode.swift; path = PodcastTransferManager.swift; sourceTree = "<group>"; };
		026730031EBE949D00922CDC /* Pod2WatchOnWatch 1.1.xcdatamodel */ = {isa = PBXFileReference; lastKnownFileType = wrapper.xcdatamodel; path = "Pod2WatchOnWatch 1.1.xcdatamodel"; sourceTree = "<group>"; };
		026730041EBE95F700922CDC /* Podcast.swift */ = {isa = PBXFileReference; fileEncoding = 4; lastKnownFileType = sourcecode.swift; path = Podcast.swift; sourceTree = "<group>"; };
		026CF5AB1F9A670100269E2A /* OpenPodcastsSectionController.swift */ = {isa = PBXFileReference; fileEncoding = 4; lastKnownFileType = sourcecode.swift; path = OpenPodcastsSectionController.swift; sourceTree = "<group>"; };
		026CF5AD1F9A68A300269E2A /* OpenPodcastsCell.swift */ = {isa = PBXFileReference; lastKnownFileType = sourcecode.swift; path = OpenPodcastsCell.swift; sourceTree = "<group>"; };
		026CF5AF1F9A73CD00269E2A /* EmptySearchView.xib */ = {isa = PBXFileReference; fileEncoding = 4; lastKnownFileType = file.xib; path = EmptySearchView.xib; sourceTree = "<group>"; };
		027081E81F97292D00FBBE64 /* WKAudioFileQueuePlayer+RemoveCurrent.swift */ = {isa = PBXFileReference; lastKnownFileType = sourcecode.swift; path = "WKAudioFileQueuePlayer+RemoveCurrent.swift"; sourceTree = "<group>"; };
		0272D2CF1E78ED0C00205049 /* RecentPodcastsHeaderView.xib */ = {isa = PBXFileReference; fileEncoding = 4; lastKnownFileType = file.xib; path = RecentPodcastsHeaderView.xib; sourceTree = "<group>"; };
		0272D2D11E78ED4400205049 /* RecentPodcastsHeaderView.swift */ = {isa = PBXFileReference; fileEncoding = 4; lastKnownFileType = sourcecode.swift; path = RecentPodcastsHeaderView.swift; sourceTree = "<group>"; };
		0275B0331F998020006F5467 /* NotSyncedController.swift */ = {isa = PBXFileReference; lastKnownFileType = sourcecode.swift; path = NotSyncedController.swift; sourceTree = "<group>"; };
		027E7F7C1E5F7DF4005876C9 /* RecentPodcastsViewController.swift */ = {isa = PBXFileReference; fileEncoding = 4; lastKnownFileType = sourcecode.swift; path = RecentPodcastsViewController.swift; sourceTree = "<group>"; };
		02847FBC1E54DE6400A1DC86 /* EpisodeCell.swift */ = {isa = PBXFileReference; fileEncoding = 4; lastKnownFileType = sourcecode.swift; path = EpisodeCell.swift; sourceTree = "<group>"; };
		02847FBE1E54E05700A1DC86 /* RecentEpisodeCell.swift */ = {isa = PBXFileReference; fileEncoding = 4; lastKnownFileType = sourcecode.swift; path = RecentEpisodeCell.swift; sourceTree = "<group>"; };
		02875AE21E4C46550025C586 /* MediaPlayer.framework */ = {isa = PBXFileReference; lastKnownFileType = wrapper.framework; name = MediaPlayer.framework; path = System/Library/Frameworks/MediaPlayer.framework; sourceTree = SDKROOT; };
		02875AE61E4C52BE0025C586 /* MobileCoreServices.framework */ = {isa = PBXFileReference; lastKnownFileType = wrapper.framework; name = MobileCoreServices.framework; path = System/Library/Frameworks/MobileCoreServices.framework; sourceTree = SDKROOT; };
		02907C091E64F61C0044140D /* SyncButton.swift */ = {isa = PBXFileReference; fileEncoding = 4; lastKnownFileType = sourcecode.swift; path = SyncButton.swift; sourceTree = "<group>"; };
		029D954E1E8A2783000D87C8 /* BorderImageView.swift */ = {isa = PBXFileReference; fileEncoding = 4; lastKnownFileType = sourcecode.swift; path = BorderImageView.swift; sourceTree = "<group>"; };
		02B0134C1F9C596700E8F1CB /* Alamofire.framework */ = {isa = PBXFileReference; lastKnownFileType = wrapper.framework; name = Alamofire.framework; path = Carthage/Build/watchOS/Alamofire.framework; sourceTree = "<group>"; };
		02B0134D1F9C596800E8F1CB /* AlamofireImage.framework */ = {isa = PBXFileReference; lastKnownFileType = wrapper.framework; name = AlamofireImage.framework; path = Carthage/Build/watchOS/AlamofireImage.framework; sourceTree = "<group>"; };
		02B22D2E1E8DE9E000A12113 /* PodcastTransferManager.swift */ = {isa = PBXFileReference; fileEncoding = 4; lastKnownFileType = sourcecode.swift; path = PodcastTransferManager.swift; sourceTree = "<group>"; };
		02B2DA8B1E53C42A00E54A15 /* PodcastSectionController.swift */ = {isa = PBXFileReference; fileEncoding = 4; lastKnownFileType = sourcecode.swift; path = PodcastSectionController.swift; sourceTree = "<group>"; };
		02BB4D161E4E4F8300F08B7F /* LaunchScreen.storyboard */ = {isa = PBXFileReference; fileEncoding = 4; lastKnownFileType = file.storyboard; path = LaunchScreen.storyboard; sourceTree = "<group>"; };
		02BB4D1A1E4E5DE800F08B7F /* MyPodcastsViewController.swift */ = {isa = PBXFileReference; fileEncoding = 4; lastKnownFileType = sourcecode.swift; path = MyPodcastsViewController.swift; sourceTree = "<group>"; };
		02BB4D1C1E4E65A600F08B7F /* PodcastCell.swift */ = {isa = PBXFileReference; fileEncoding = 4; lastKnownFileType = sourcecode.swift; path = PodcastCell.swift; sourceTree = "<group>"; };
		02BB4D1E1E4E674300F08B7F /* MyPodcastsEpisodesViewController.swift */ = {isa = PBXFileReference; fileEncoding = 4; lastKnownFileType = sourcecode.swift; path = MyPodcastsEpisodesViewController.swift; sourceTree = "<group>"; };
		02BB4D201E4E693200F08B7F /* MyPodcastsEpisodeCell.swift */ = {isa = PBXFileReference; fileEncoding = 4; lastKnownFileType = sourcecode.swift; path = MyPodcastsEpisodeCell.swift; sourceTree = "<group>"; };
		02BB4D281E4E914600F08B7F /* EpisodesTableRowController.swift */ = {isa = PBXFileReference; fileEncoding = 4; lastKnownFileType = sourcecode.swift; path = EpisodesTableRowController.swift; sourceTree = "<group>"; };
		02C0ABD01EC663E600D9876E /* ComplicationDataSource.swift */ = {isa = PBXFileReference; fileEncoding = 4; lastKnownFileType = sourcecode.swift; path = ComplicationDataSource.swift; sourceTree = "<group>"; };
		02C1DCDF1E4B9281000C760D /* Pod2Watch.app */ = {isa = PBXFileReference; explicitFileType = wrapper.application; includeInIndex = 0; path = Pod2Watch.app; sourceTree = BUILT_PRODUCTS_DIR; };
		02C1DCE21E4B9281000C760D /* AppDelegate.swift */ = {isa = PBXFileReference; lastKnownFileType = sourcecode.swift; path = AppDelegate.swift; sourceTree = "<group>"; };
		02C1DCE91E4B9281000C760D /* Assets.xcassets */ = {isa = PBXFileReference; lastKnownFileType = folder.assetcatalog; path = Assets.xcassets; sourceTree = "<group>"; };
		02C1DCEC1E4B9281000C760D /* Base */ = {isa = PBXFileReference; lastKnownFileType = file.storyboard; name = Base; path = Base.lproj/Main.storyboard; sourceTree = "<group>"; };
		02C1DCEE1E4B9281000C760D /* Info.plist */ = {isa = PBXFileReference; lastKnownFileType = text.plist.xml; path = Info.plist; sourceTree = "<group>"; };
		02C1DCF11E4B9281000C760D /* Pod2Watch WatchKit App.app */ = {isa = PBXFileReference; explicitFileType = wrapper.application; includeInIndex = 0; path = "Pod2Watch WatchKit App.app"; sourceTree = BUILT_PRODUCTS_DIR; };
		02C1DCF71E4B9281000C760D /* Base */ = {isa = PBXFileReference; lastKnownFileType = file.storyboard; name = Base; path = Base.lproj/Interface.storyboard; sourceTree = "<group>"; };
		02C1DCF91E4B9281000C760D /* Assets.xcassets */ = {isa = PBXFileReference; lastKnownFileType = folder.assetcatalog; path = Assets.xcassets; sourceTree = "<group>"; };
		02C1DCFB1E4B9281000C760D /* Info.plist */ = {isa = PBXFileReference; lastKnownFileType = text.plist.xml; path = Info.plist; sourceTree = "<group>"; };
		02C1DD001E4B9281000C760D /* Pod2Watch WatchKit Extension.appex */ = {isa = PBXFileReference; explicitFileType = "wrapper.app-extension"; includeInIndex = 0; path = "Pod2Watch WatchKit Extension.appex"; sourceTree = BUILT_PRODUCTS_DIR; };
		02C1DD051E4B9281000C760D /* EpisodeListController.swift */ = {isa = PBXFileReference; lastKnownFileType = sourcecode.swift; path = EpisodeListController.swift; sourceTree = "<group>"; };
		02C1DD071E4B9281000C760D /* ExtensionDelegate.swift */ = {isa = PBXFileReference; lastKnownFileType = sourcecode.swift; path = ExtensionDelegate.swift; sourceTree = "<group>"; };
		02C1DD091E4B9281000C760D /* Assets.xcassets */ = {isa = PBXFileReference; lastKnownFileType = folder.assetcatalog; path = Assets.xcassets; sourceTree = "<group>"; };
		02C1DD0B1E4B9281000C760D /* Info.plist */ = {isa = PBXFileReference; lastKnownFileType = text.plist.xml; path = Info.plist; sourceTree = "<group>"; };
		02C1DD1C1E4B929D000C760D /* Pod2Watch.xcdatamodel */ = {isa = PBXFileReference; lastKnownFileType = wrapper.xcdatamodel; path = Pod2Watch.xcdatamodel; sourceTree = "<group>"; };
		02C1DD1E1E4B94AC000C760D /* Pod2Watch WatchKit Extension.entitlements */ = {isa = PBXFileReference; lastKnownFileType = text.plist.entitlements; path = "Pod2Watch WatchKit Extension.entitlements"; sourceTree = "<group>"; };
		02C1DD1F1E4B94B3000C760D /* Pod2Watch.entitlements */ = {isa = PBXFileReference; lastKnownFileType = text.plist.entitlements; path = Pod2Watch.entitlements; sourceTree = "<group>"; };
		02C1DD201E4B94C7000C760D /* PersistentContainer.swift */ = {isa = PBXFileReference; fileEncoding = 4; lastKnownFileType = sourcecode.swift; path = PersistentContainer.swift; sourceTree = "<group>"; };
		02C61FBD1E4D27310022FBB1 /* Pod2Watch WatchKit App.entitlements */ = {isa = PBXFileReference; lastKnownFileType = text.plist.entitlements; name = "Pod2Watch WatchKit App.entitlements"; path = "Pod2Watch WatchKit App/Pod2Watch WatchKit App.entitlements"; sourceTree = "<group>"; };
		02CED0AF1EBEC3EC00EE8AB1 /* SeekController.swift */ = {isa = PBXFileReference; fileEncoding = 4; lastKnownFileType = sourcecode.swift; path = SeekController.swift; sourceTree = "<group>"; };
		02CED0B21EBEDA9200EE8AB1 /* ReactiveCocoa.framework */ = {isa = PBXFileReference; lastKnownFileType = wrapper.framework; name = ReactiveCocoa.framework; path = Carthage/Build/watchOS/ReactiveCocoa.framework; sourceTree = "<group>"; };
		02CED0B41EBEE10C00EE8AB1 /* String + SanitizeFilePath.swift */ = {isa = PBXFileReference; fileEncoding = 4; lastKnownFileType = sourcecode.swift; path = "String + SanitizeFilePath.swift"; sourceTree = "<group>"; };
		02D75C5A1F97DF8F009FC4B2 /* URLTransformer.swift */ = {isa = PBXFileReference; lastKnownFileType = sourcecode.swift; path = URLTransformer.swift; sourceTree = "<group>"; };
		02D75C5D1F97DFB2009FC4B2 /* UIImageTransformer.swift */ = {isa = PBXFileReference; lastKnownFileType = sourcecode.swift; path = UIImageTransformer.swift; sourceTree = "<group>"; };
		02DD2C4C1F9D99EA0056E908 /* PodcastDownloadManager.swift */ = {isa = PBXFileReference; lastKnownFileType = sourcecode.swift; path = PodcastDownloadManager.swift; sourceTree = "<group>"; };
		02EC2EED1EAAF5D30077DF84 /* Versioned.xcdatamodel */ = {isa = PBXFileReference; lastKnownFileType = wrapper.xcdatamodel; path = Versioned.xcdatamodel; sourceTree = "<group>"; };
		02EC2EEF1EAAF6360077DF84 /* Pod2Watch 1.1.xcdatamodel */ = {isa = PBXFileReference; lastKnownFileType = wrapper.xcdatamodel; path = "Pod2Watch 1.1.xcdatamodel"; sourceTree = "<group>"; };
		02EC2EF01EAAF72F0077DF84 /* Pod2WatchPersistent 1.1.xcdatamodel */ = {isa = PBXFileReference; lastKnownFileType = wrapper.xcdatamodel; path = "Pod2WatchPersistent 1.1.xcdatamodel"; sourceTree = "<group>"; };
		02EF91901F9C82A600FAE1D6 /* DownloadNotificationController.swift */ = {isa = PBXFileReference; lastKnownFileType = sourcecode.swift; path = DownloadNotificationController.swift; sourceTree = "<group>"; };
		02EFE64F1F9C313600C9D7BD /* DeleteAllController.swift */ = {isa = PBXFileReference; lastKnownFileType = sourcecode.swift; path = DeleteAllController.swift; sourceTree = "<group>"; };
		02F1D4481EA97CCA0098A50E /* Settings.bundle */ = {isa = PBXFileReference; lastKnownFileType = "wrapper.plug-in"; path = Settings.bundle; sourceTree = "<group>"; };
		02F1D44D1EA9B5070098A50E /* LibraryEpisode.swift */ = {isa = PBXFileReference; fileEncoding = 4; lastKnownFileType = sourcecode.swift; path = LibraryEpisode.swift; sourceTree = "<group>"; };
		02F1D44F1EA9B5980098A50E /* LibraryPodcast.swift */ = {isa = PBXFileReference; fileEncoding = 4; lastKnownFileType = sourcecode.swift; path = LibraryPodcast.swift; sourceTree = "<group>"; };
		02F686C61EBA799000F19D72 /* ReactiveSwift.framework */ = {isa = PBXFileReference; lastKnownFileType = wrapper.framework; name = ReactiveSwift.framework; path = Carthage/Build/watchOS/ReactiveSwift.framework; sourceTree = "<group>"; };
		02F686C71EBA799000F19D72 /* Result.framework */ = {isa = PBXFileReference; lastKnownFileType = wrapper.framework; name = Result.framework; path = Carthage/Build/watchOS/Result.framework; sourceTree = "<group>"; };
		02FACB261EB8F32400036B9F /* NowPlayingController.swift */ = {isa = PBXFileReference; fileEncoding = 4; lastKnownFileType = sourcecode.swift; path = NowPlayingController.swift; sourceTree = "<group>"; };
/* End PBXFileReference section */

/* Begin PBXFrameworksBuildPhase section */
		02C1DCDC1E4B9281000C760D /* Frameworks */ = {
			isa = PBXFrameworksBuildPhase;
			buildActionMask = 2147483647;
			files = (
				024D9A181EA9ECE900F0485D /* ReactiveCocoa.framework in Frameworks */,
				025EB9711E871AC800B41025 /* racAdditions.framework in Frameworks */,
				02508F831E85D6C3000AAA43 /* ReactiveSwift.framework in Frameworks */,
				02508F841E85D6C3000AAA43 /* Result.framework in Frameworks */,
				022CA0331E4FBF4500B49A66 /* AlamofireImage.framework in Frameworks */,
				022CA0311E4FB73D00B49A66 /* Alamofire.framework in Frameworks */,
				0212D6861E52DF7C002DD840 /* IGListKit.framework in Frameworks */,
			);
			runOnlyForDeploymentPostprocessing = 0;
		};
		02C1DCFD1E4B9281000C760D /* Frameworks */ = {
			isa = PBXFrameworksBuildPhase;
			buildActionMask = 2147483647;
			files = (
				02B0134E1F9C596900E8F1CB /* Alamofire.framework in Frameworks */,
				02B0134F1F9C596900E8F1CB /* AlamofireImage.framework in Frameworks */,
				026644221F9C2C0200DDD87A /* SWXMLHash.framework in Frameworks */,
				02CED0B31EBEDA9200EE8AB1 /* ReactiveCocoa.framework in Frameworks */,
				02F686C81EBA799000F19D72 /* ReactiveSwift.framework in Frameworks */,
				02F686C91EBA799000F19D72 /* Result.framework in Frameworks */,
			);
			runOnlyForDeploymentPostprocessing = 0;
		};
/* End PBXFrameworksBuildPhase section */

/* Begin PBXGroup section */
		020E296F1E920E3F008013C0 /* CoreData */ = {
			isa = PBXGroup;
			children = (
				020E29711E920E7A008013C0 /* PersistentContainer.swift */,
				021C82671E88545700E2265E /* Pod2WatchOnWatch.xcdatamodeld */,
			);
			path = CoreData;
			sourceTree = "<group>";
		};
		02310CDD1E4BA75F00D427EE /* Frameworks */ = {
			isa = PBXGroup;
			children = (
				02B0134C1F9C596700E8F1CB /* Alamofire.framework */,
				02B0134D1F9C596800E8F1CB /* AlamofireImage.framework */,
				026644211F9C2C0200DDD87A /* SWXMLHash.framework */,
				02CED0B21EBEDA9200EE8AB1 /* ReactiveCocoa.framework */,
				02F686C61EBA799000F19D72 /* ReactiveSwift.framework */,
				02F686C71EBA799000F19D72 /* Result.framework */,
				024D9A171EA9ECE900F0485D /* ReactiveCocoa.framework */,
				025EB9701E871AC800B41025 /* racAdditions.framework */,
				02508F811E85D6C3000AAA43 /* ReactiveSwift.framework */,
				02508F821E85D6C3000AAA43 /* Result.framework */,
				022CA0321E4FBF4500B49A66 /* AlamofireImage.framework */,
				02875AE61E4C52BE0025C586 /* MobileCoreServices.framework */,
				02875AE21E4C46550025C586 /* MediaPlayer.framework */,
				02310CDE1E4BA76000D427EE /* Alamofire.framework */,
				0212D6851E52DF7C002DD840 /* IGListKit.framework */,
			);
			name = Frameworks;
			sourceTree = "<group>";
		};
		02508F7E1E858859000AAA43 /* Models */ = {
			isa = PBXGroup;
			children = (
				029D95501E8A32F9000D87C8 /* CoreData */,
				02F1D44D1EA9B5070098A50E /* LibraryEpisode.swift */,
				02F1D44F1EA9B5980098A50E /* LibraryPodcast.swift */,
				02B22D2E1E8DE9E000A12113 /* PodcastTransferManager.swift */,
				025EB9741E8739E000B41025 /* TransferredEpisode.swift */,
				024AB56C1EAA7C38002A6B3B /* TransferredPodcast.swift */,
			);
			path = Models;
			sourceTree = "<group>";
		};
		025E6E8A1E92CBCE00AB2D98 /* Controllers */ = {
			isa = PBXGroup;
			children = (
				02B0134B1F9C4D0F00E8F1CB /* Row Controllers */,
				02EFE64F1F9C313600C9D7BD /* DeleteAllController.swift */,
				0266441B1F9C269000DDD87A /* DownloadEpisodeController.swift */,
				02EF91901F9C82A600FAE1D6 /* DownloadNotificationController.swift */,
				026644061F9C151F00DDD87A /* DownloadPodcastController.swift */,
				02C1DD051E4B9281000C760D /* EpisodeListController.swift */,
				0275B0331F998020006F5467 /* NotSyncedController.swift */,
				02FACB261EB8F32400036B9F /* NowPlayingController.swift */,
				02CED0AF1EBEC3EC00EE8AB1 /* SeekController.swift */,
			);
			path = Controllers;
			sourceTree = "<group>";
		};
		025E6E8B1E92CBD300AB2D98 /* Models */ = {
			isa = PBXGroup;
			children = (
				020E296F1E920E3F008013C0 /* CoreData */,
				026644141F9C20E100DDD87A /* PodcastFeed */,
				026481AC1EBD02A3002A3B2B /* AudioPlayer.swift */,
				02C0ABD01EC663E600D9876E /* ComplicationDataSource.swift */,
				0209328E1E93321700948002 /* Episode.swift */,
				026730041EBE95F700922CDC /* Podcast.swift */,
				02DD2C4C1F9D99EA0056E908 /* PodcastDownloadManager.swift */,
				02666DCF1EBAC3760091293B /* PodcastTransferManager.swift */,
			);
			path = Models;
			sourceTree = "<group>";
		};
		026568C81F9ACDD900E3C082 /* View Models */ = {
			isa = PBXGroup;
			children = (
				026568C91F9ACDFF00E3C082 /* PodcastCellViewModel.swift */,
				0200C26B1F9AD22E00309527 /* PodcastEpisodeCellViewModel.swift */,
				0200C26D1F9AD24000309527 /* RecentEpisodeCellViewModel.swift */,
				0200C2691F9AD21F00309527 /* WatchEpisodeCellViewModel.swift */,
			);
			path = "View Models";
			sourceTree = "<group>";
		};
		026644141F9C20E100DDD87A /* PodcastFeed */ = {
			isa = PBXGroup;
			children = (
				026644231F9C2D2D00DDD87A /* DownloadEpisode.swift */,
				0266440C1F9C194500DDD87A /* DownloadPodcast.swift */,
				0266441F1F9C279500DDD87A /* PodcastDetails.swift */,
				0266441D1F9C275800DDD87A /* PodcastDetailsResponse.swift */,
				025216751F9D6E15001E808D /* TopPodcastDetails.swift */,
				026644151F9C210700DDD87A /* TopPodcastsFeed.swift */,
				026644191F9C216E00DDD87A /* TopPodcastsResponse.swift */,
			);
			path = PodcastFeed;
			sourceTree = "<group>";
		};
		0268B56A1E56532E001E3F74 /* Extensions */ = {
			isa = PBXGroup;
			children = (
				02CED0B41EBEE10C00EE8AB1 /* String + SanitizeFilePath.swift */,
				021C826A1E88A2F400E2265E /* String+withoutThe.swift */,
				0244CB581F97F29F0058BC9E /* UIApplication+OpenPodcasts.swift */,
				0229CF261EBEECCF00A2A052 /* UIImage+Scale.swift */,
			);
			path = Extensions;
			sourceTree = "<group>";
		};
		029D95501E8A32F9000D87C8 /* CoreData */ = {
			isa = PBXGroup;
			children = (
				024AB56E1EAAF256002A6B3B /* 1.0 > 1.1.xcmappingmodel */,
				021C826C1E88B60600E2265E /* InMemoryContainer.swift */,
				02C1DD201E4B94C7000C760D /* PersistentContainer.swift */,
				02C1DD1B1E4B929D000C760D /* Pod2Watch.xcdatamodeld */,
				021C826E1E88B6C400E2265E /* Pod2WatchPersistent.xcdatamodeld */,
			);
			path = CoreData;
			sourceTree = "<group>";
		};
		02B0134B1F9C4D0F00E8F1CB /* Row Controllers */ = {
			isa = PBXGroup;
			children = (
				0266440A1F9C15D400DDD87A /* DownloadEpisodeRowController.swift */,
				026644081F9C15C600DDD87A /* DownloadPodcastRowController.swift */,
				02BB4D281E4E914600F08B7F /* EpisodesTableRowController.swift */,
			);
			path = "Row Controllers";
			sourceTree = "<group>";
		};
		02B2DA8A1E53C25700E54A15 /* Section Controllers */ = {
			isa = PBXGroup;
			children = (
				026CF5AB1F9A670100269E2A /* OpenPodcastsSectionController.swift */,
				02B2DA8B1E53C42A00E54A15 /* PodcastSectionController.swift */,
			);
			path = "Section Controllers";
			sourceTree = "<group>";
		};
		02BB4D221E4E6A0E00F08B7F /* Controllers */ = {
			isa = PBXGroup;
			children = (
				02BB4D1E1E4E674300F08B7F /* MyPodcastsEpisodesViewController.swift */,
				02BB4D1A1E4E5DE800F08B7F /* MyPodcastsViewController.swift */,
				021B615A1E4FCBA2007CD7A2 /* MyWatchViewController.swift */,
				026568C61F9AC78E00E3C082 /* PodcastAlertController.swift */,
				027E7F7C1E5F7DF4005876C9 /* RecentPodcastsViewController.swift */,
			);
			path = Controllers;
			sourceTree = "<group>";
		};
		02BB4D231E4E6A1300F08B7F /* Views */ = {
			isa = PBXGroup;
			children = (
				022CA0341E4FC48600B49A66 /* BorderButton.swift */,
				029D954E1E8A2783000D87C8 /* BorderImageView.swift */,
				026CF5AF1F9A73CD00269E2A /* EmptySearchView.xib */,
				02847FBC1E54DE6400A1DC86 /* EpisodeCell.swift */,
				02BB4D201E4E693200F08B7F /* MyPodcastsEpisodeCell.swift */,
				021B615C1E4FCF1F007CD7A2 /* MyWatchEpisodeCell.swift */,
				0220132E1E9304720092DB73 /* NoAccessView.xib */,
				026CF5AD1F9A68A300269E2A /* OpenPodcastsCell.swift */,
				02298D0B1E930717001BE8D5 /* OpenPodcastsView.xib */,
				02BB4D1C1E4E65A600F08B7F /* PodcastCell.swift */,
				02847FBE1E54E05700A1DC86 /* RecentEpisodeCell.swift */,
				0272D2D11E78ED4400205049 /* RecentPodcastsHeaderView.swift */,
				0272D2CF1E78ED0C00205049 /* RecentPodcastsHeaderView.xib */,
				022013301E9305FD0092DB73 /* RequestAccessView.xib */,
				02907C091E64F61C0044140D /* SyncButton.swift */,
			);
			path = Views;
			sourceTree = "<group>";
		};
		02C0BCC21EBC017000E34329 /* Transformers */ = {
			isa = PBXGroup;
			children = (
				02D75C5D1F97DFB2009FC4B2 /* UIImageTransformer.swift */,
				02D75C5A1F97DF8F009FC4B2 /* URLTransformer.swift */,
			);
			path = Transformers;
			sourceTree = "<group>";
		};
		02C1DCD61E4B9281000C760D = {
			isa = PBXGroup;
			children = (
				02310CDD1E4BA75F00D427EE /* Frameworks */,
				02C1DCE11E4B9281000C760D /* Pod2Watch */,
				02C1DCE01E4B9281000C760D /* Products */,
				02C1DD191E4B928B000C760D /* Shared */,
				02C1DCF51E4B9281000C760D /* WatchKit App */,
				02C1DD041E4B9281000C760D /* WatchKit Extension */,
				02310CD91E4B9BC000D427EE /* Cartfile */,
				02C61FBD1E4D27310022FBB1 /* Pod2Watch WatchKit App.entitlements */,
				02EC2EEC1EAAF5D30077DF84 /* Versioned.xcdatamodeld */,
			);
			sourceTree = "<group>";
		};
		02C1DCE01E4B9281000C760D /* Products */ = {
			isa = PBXGroup;
			children = (
				02C1DCDF1E4B9281000C760D /* Pod2Watch.app */,
				02C1DCF11E4B9281000C760D /* Pod2Watch WatchKit App.app */,
				02C1DD001E4B9281000C760D /* Pod2Watch WatchKit Extension.appex */,
			);
			name = Products;
			sourceTree = "<group>";
		};
		02C1DCE11E4B9281000C760D /* Pod2Watch */ = {
			isa = PBXGroup;
			children = (
				02BB4D221E4E6A0E00F08B7F /* Controllers */,
				0268B56A1E56532E001E3F74 /* Extensions */,
				02508F7E1E858859000AAA43 /* Models */,
				02B2DA8A1E53C25700E54A15 /* Section Controllers */,
				026568C81F9ACDD900E3C082 /* View Models */,
				02BB4D231E4E6A1300F08B7F /* Views */,
				02C1DCE21E4B9281000C760D /* AppDelegate.swift */,
				02C1DCE91E4B9281000C760D /* Assets.xcassets */,
				02C1DCEE1E4B9281000C760D /* Info.plist */,
				02BB4D161E4E4F8300F08B7F /* LaunchScreen.storyboard */,
				02C1DCEB1E4B9281000C760D /* Main.storyboard */,
				02C1DD1F1E4B94B3000C760D /* Pod2Watch.entitlements */,
				02F1D4481EA97CCA0098A50E /* Settings.bundle */,
			);
			path = Pod2Watch;
			sourceTree = "<group>";
		};
		02C1DCF51E4B9281000C760D /* WatchKit App */ = {
			isa = PBXGroup;
			children = (
				02C1DCF91E4B9281000C760D /* Assets.xcassets */,
				02C1DCFB1E4B9281000C760D /* Info.plist */,
				02C1DCF61E4B9281000C760D /* Interface.storyboard */,
			);
			path = "WatchKit App";
			sourceTree = "<group>";
		};
		02C1DD041E4B9281000C760D /* WatchKit Extension */ = {
			isa = PBXGroup;
			children = (
				025E6E8A1E92CBCE00AB2D98 /* Controllers */,
				02D75C581F97DEA4009FC4B2 /* Extensions */,
				025E6E8B1E92CBD300AB2D98 /* Models */,
				02C1DD091E4B9281000C760D /* Assets.xcassets */,
				02C1DD071E4B9281000C760D /* ExtensionDelegate.swift */,
				02C1DD0B1E4B9281000C760D /* Info.plist */,
				02C1DD1E1E4B94AC000C760D /* Pod2Watch WatchKit Extension.entitlements */,
			);
			path = "WatchKit Extension";
			sourceTree = "<group>";
		};
		02C1DD191E4B928B000C760D /* Shared */ = {
			isa = PBXGroup;
			children = (
				02C0BCC21EBC017000E34329 /* Transformers */,
				0252166E1F9D3937001E808D /* File.swift */,
				020E296B1E920258008013C0 /* MessageType.swift */,
			);
			path = Shared;
			sourceTree = "<group>";
		};
		02D75C581F97DEA4009FC4B2 /* Extensions */ = {
			isa = PBXGroup;
			children = (
				027081E81F97292D00FBBE64 /* WKAudioFileQueuePlayer+RemoveCurrent.swift */,
			);
			path = Extensions;
			sourceTree = "<group>";
		};
/* End PBXGroup section */

/* Begin PBXNativeTarget section */
		02C1DCDE1E4B9281000C760D /* Pod2Watch */ = {
			isa = PBXNativeTarget;
			buildConfigurationList = 02C1DD161E4B9281000C760D /* Build configuration list for PBXNativeTarget "Pod2Watch" */;
			buildPhases = (
				02C1DCDB1E4B9281000C760D /* Sources */,
				02C1DCDC1E4B9281000C760D /* Frameworks */,
				02C1DCDD1E4B9281000C760D /* Resources */,
				02C1DD151E4B9281000C760D /* Embed Watch Content */,
				02C1DD351E4B9577000C760D /* Embed App Extensions */,
				02310CE51E4BA78500D427EE /* ShellScript */,
				02EDB6111ED4C3FE001105CB /* ShellScript */,
			);
			buildRules = (
			);
			dependencies = (
				02C1DCF41E4B9281000C760D /* PBXTargetDependency */,
			);
			name = Pod2Watch;
			productName = Pod2Watch;
			productReference = 02C1DCDF1E4B9281000C760D /* Pod2Watch.app */;
			productType = "com.apple.product-type.application";
		};
		02C1DCF01E4B9281000C760D /* Pod2Watch WatchKit App */ = {
			isa = PBXNativeTarget;
			buildConfigurationList = 02C1DD121E4B9281000C760D /* Build configuration list for PBXNativeTarget "Pod2Watch WatchKit App" */;
			buildPhases = (
				02C1DCEF1E4B9281000C760D /* Resources */,
				02C1DD111E4B9281000C760D /* Embed App Extensions */,
			);
			buildRules = (
			);
			dependencies = (
				02C1DD031E4B9281000C760D /* PBXTargetDependency */,
			);
			name = "Pod2Watch WatchKit App";
			productName = "Pod2Watch WatchKit App";
			productReference = 02C1DCF11E4B9281000C760D /* Pod2Watch WatchKit App.app */;
			productType = "com.apple.product-type.application.watchapp2";
		};
		02C1DCFF1E4B9281000C760D /* Pod2Watch WatchKit Extension */ = {
			isa = PBXNativeTarget;
			buildConfigurationList = 02C1DD0E1E4B9281000C760D /* Build configuration list for PBXNativeTarget "Pod2Watch WatchKit Extension" */;
			buildPhases = (
				02C1DCFC1E4B9281000C760D /* Sources */,
				02C1DCFD1E4B9281000C760D /* Frameworks */,
				02C1DCFE1E4B9281000C760D /* Resources */,
				02F686C51EBA795200F19D72 /* ShellScript */,
			);
			buildRules = (
			);
			dependencies = (
			);
			name = "Pod2Watch WatchKit Extension";
			productName = "Pod2Watch WatchKit Extension";
			productReference = 02C1DD001E4B9281000C760D /* Pod2Watch WatchKit Extension.appex */;
			productType = "com.apple.product-type.watchkit2-extension";
		};
/* End PBXNativeTarget section */

/* Begin PBXProject section */
		02C1DCD71E4B9281000C760D /* Project object */ = {
			isa = PBXProject;
			attributes = {
				LastSwiftUpdateCheck = 0820;
				LastUpgradeCheck = 0900;
				ORGANIZATIONNAME = "Miles Hollingsworth";
				TargetAttributes = {
					02C1DCDE1E4B9281000C760D = {
						CreatedOnToolsVersion = 8.2.1;
						DevelopmentTeam = 7XLNECBC46;
						LastSwiftMigration = 0900;
						ProvisioningStyle = Automatic;
						SystemCapabilities = {
							com.apple.ApplicationGroups.iOS = {
								enabled = 1;
							};
							com.apple.BackgroundModes = {
								enabled = 1;
							};
						};
					};
					02C1DCF01E4B9281000C760D = {
						CreatedOnToolsVersion = 8.2.1;
						DevelopmentTeam = 7XLNECBC46;
						ProvisioningStyle = Automatic;
						SystemCapabilities = {
							com.apple.ApplicationGroups.iOS = {
								enabled = 1;
							};
							com.apple.BackgroundModes.watchos.app = {
								enabled = 1;
							};
						};
					};
					02C1DCFF1E4B9281000C760D = {
						CreatedOnToolsVersion = 8.2.1;
						DevelopmentTeam = 7XLNECBC46;
						LastSwiftMigration = 0900;
						ProvisioningStyle = Automatic;
						SystemCapabilities = {
							com.apple.ApplicationGroups.iOS = {
								enabled = 1;
							};
							com.apple.BackgroundModes.watchos.extension = {
								enabled = 0;
							};
							com.apple.HealthKit.watchos = {
								enabled = 0;
							};
						};
					};
				};
			};
			buildConfigurationList = 02C1DCDA1E4B9281000C760D /* Build configuration list for PBXProject "Pod2Watch" */;
			compatibilityVersion = "Xcode 3.2";
			developmentRegion = English;
			hasScannedForEncodings = 0;
			knownRegions = (
				en,
				Base,
			);
			mainGroup = 02C1DCD61E4B9281000C760D;
			productRefGroup = 02C1DCE01E4B9281000C760D /* Products */;
			projectDirPath = "";
			projectRoot = "";
			targets = (
				02C1DCDE1E4B9281000C760D /* Pod2Watch */,
				02C1DCF01E4B9281000C760D /* Pod2Watch WatchKit App */,
				02C1DCFF1E4B9281000C760D /* Pod2Watch WatchKit Extension */,
			);
		};
/* End PBXProject section */

/* Begin PBXResourcesBuildPhase section */
		02C1DCDD1E4B9281000C760D /* Resources */ = {
			isa = PBXResourcesBuildPhase;
			buildActionMask = 2147483647;
			files = (
				02C1DCED1E4B9281000C760D /* Main.storyboard in Resources */,
				02C1DCEA1E4B9281000C760D /* Assets.xcassets in Resources */,
				02F1D4491EA97CCA0098A50E /* Settings.bundle in Resources */,
				0220132F1E9304720092DB73 /* NoAccessView.xib in Resources */,
				026CF5B01F9A73CD00269E2A /* EmptySearchView.xib in Resources */,
				02298D0C1E930717001BE8D5 /* OpenPodcastsView.xib in Resources */,
				022013311E9305FD0092DB73 /* RequestAccessView.xib in Resources */,
				02310CDA1E4B9BC000D427EE /* Cartfile in Resources */,
				02BB4D171E4E4F8300F08B7F /* LaunchScreen.storyboard in Resources */,
				0272D2D01E78ED0C00205049 /* RecentPodcastsHeaderView.xib in Resources */,
			);
			runOnlyForDeploymentPostprocessing = 0;
		};
		02C1DCEF1E4B9281000C760D /* Resources */ = {
			isa = PBXResourcesBuildPhase;
			buildActionMask = 2147483647;
			files = (
				02C1DCFA1E4B9281000C760D /* Assets.xcassets in Resources */,
				02C1DCF81E4B9281000C760D /* Interface.storyboard in Resources */,
			);
			runOnlyForDeploymentPostprocessing = 0;
		};
		02C1DCFE1E4B9281000C760D /* Resources */ = {
			isa = PBXResourcesBuildPhase;
			buildActionMask = 2147483647;
			files = (
				02C1DD0A1E4B9281000C760D /* Assets.xcassets in Resources */,
			);
			runOnlyForDeploymentPostprocessing = 0;
		};
/* End PBXResourcesBuildPhase section */

/* Begin PBXShellScriptBuildPhase section */
		02310CE51E4BA78500D427EE /* ShellScript */ = {
			isa = PBXShellScriptBuildPhase;
			buildActionMask = 2147483647;
			files = (
			);
			inputPaths = (
				"$(SRCROOT)/Carthage/Build/iOS/Alamofire.framework",
				"$(SRCROOT)/Carthage/Build/iOS/AlamofireImage.framework",
				"$(SRCROOT)/Carthage/Build/iOS/IGListKit.framework",
				"$(SRCROOT)/Carthage/Build/iOS/ReactiveSwift.framework",
				"$(SRCROOT)/Carthage/Build/iOS/Result.framework",
				"$(SRCROOT)/Carthage/Build/iOS/racAdditions.framework",
				"$(SRCROOT)/Carthage/Build/iOS/ReactiveCocoa.framework",
			);
			outputPaths = (
			);
			runOnlyForDeploymentPostprocessing = 0;
			shellPath = /bin/sh;
			shellScript = "/usr/local/bin/carthage copy-frameworks";
		};
		02EDB6111ED4C3FE001105CB /* ShellScript */ = {
			isa = PBXShellScriptBuildPhase;
			buildActionMask = 2147483647;
			files = (
			);
			inputPaths = (
			);
			outputPaths = (
			);
			runOnlyForDeploymentPostprocessing = 0;
			shellPath = /bin/sh;
			shellScript = "#if which swiftlint >/dev/null; then\n#    swiftlint\n#else\n#    echo \"warning: SwiftLint not installed, download from https://github.com/realm/SwiftLint\"\n#fi";
		};
		02F686C51EBA795200F19D72 /* ShellScript */ = {
			isa = PBXShellScriptBuildPhase;
			buildActionMask = 2147483647;
			files = (
			);
			inputPaths = (
				"$(SRCROOT)/Carthage/Build/watchOS/ReactiveSwift.framework",
				"$(SRCROOT)/Carthage/Build/watchOS/Result.framework",
				"$(SRCROOT)/Carthage/Build/watchOS/ReactiveCocoa.framework",
				"$(SRCROOT)/Carthage/Build/watchOS/Alamofire.framework",
				"$(SRCROOT)/Carthage/Build/watchOS/SWXMLHash.framework",
				"$(SRCROOT)/Carthage/Build/watchOS/AlamofireImage.framework",
			);
			outputPaths = (
			);
			runOnlyForDeploymentPostprocessing = 0;
			shellPath = /bin/sh;
			shellScript = "/usr/local/bin/carthage copy-frameworks";
		};
/* End PBXShellScriptBuildPhase section */

/* Begin PBXSourcesBuildPhase section */
		02C1DCDB1E4B9281000C760D /* Sources */ = {
			isa = PBXSourcesBuildPhase;
			buildActionMask = 2147483647;
			files = (
				02F105111F99DF1600152984 /* PodcastSectionController.swift in Sources */,
				027E7F7D1E5F7DF4005876C9 /* RecentPodcastsViewController.swift in Sources */,
				026CF5AC1F9A670100269E2A /* OpenPodcastsSectionController.swift in Sources */,
				02CED0B51EBEE10C00EE8AB1 /* String + SanitizeFilePath.swift in Sources */,
				02BB4D1F1E4E674300F08B7F /* MyPodcastsEpisodesViewController.swift in Sources */,
				0200C26C1F9AD22E00309527 /* PodcastEpisodeCellViewModel.swift in Sources */,
				024AB56D1EAA7C38002A6B3B /* TransferredPodcast.swift in Sources */,
				02907C0A1E64F61D0044140D /* SyncButton.swift in Sources */,
				021C826B1E88A2F400E2265E /* String+withoutThe.swift in Sources */,
				026568CA1F9ACDFF00E3C082 /* PodcastCellViewModel.swift in Sources */,
				0252166F1F9D3937001E808D /* File.swift in Sources */,
				0229CF281EBEECF800A2A052 /* UIImage+Scale.swift in Sources */,
				02D75C5F1F97DFB2009FC4B2 /* UIImageTransformer.swift in Sources */,
				021B615B1E4FCBA2007CD7A2 /* MyWatchViewController.swift in Sources */,
				020E29731E920E91008013C0 /* PersistentContainer.swift in Sources */,
				020E296C1E920258008013C0 /* MessageType.swift in Sources */,
				021B615D1E4FCF1F007CD7A2 /* MyWatchEpisodeCell.swift in Sources */,
				02C1DD1D1E4B929D000C760D /* Pod2Watch.xcdatamodeld in Sources */,
				02C1DCE31E4B9281000C760D /* AppDelegate.swift in Sources */,
				0200C26E1F9AD24000309527 /* RecentEpisodeCellViewModel.swift in Sources */,
				02BB4D1D1E4E65A600F08B7F /* PodcastCell.swift in Sources */,
				026568C71F9AC78E00E3C082 /* PodcastAlertController.swift in Sources */,
				025EB9751E8739E000B41025 /* TransferredEpisode.swift in Sources */,
				029D954F1E8A2783000D87C8 /* BorderImageView.swift in Sources */,
				02B22D2F1E8DE9E000A12113 /* PodcastTransferManager.swift in Sources */,
				021C826D1E88B60600E2265E /* InMemoryContainer.swift in Sources */,
				02BB4D211E4E693200F08B7F /* MyPodcastsEpisodeCell.swift in Sources */,
				02D75C5C1F97DF8F009FC4B2 /* URLTransformer.swift in Sources */,
				02F1D44E1EA9B5070098A50E /* LibraryEpisode.swift in Sources */,
				0244CB591F97F29F0058BC9E /* UIApplication+OpenPodcasts.swift in Sources */,
				0272D2D21E78ED4400205049 /* RecentPodcastsHeaderView.swift in Sources */,
				02BB4D1B1E4E5DE800F08B7F /* MyPodcastsViewController.swift in Sources */,
				024AB56F1EAAF256002A6B3B /* 1.0 > 1.1.xcmappingmodel in Sources */,
				021C82701E88B6C400E2265E /* Pod2WatchPersistent.xcdatamodeld in Sources */,
				02F1D4501EA9B5980098A50E /* LibraryPodcast.swift in Sources */,
				022CA0351E4FC48600B49A66 /* BorderButton.swift in Sources */,
				02847FBF1E54E05700A1DC86 /* RecentEpisodeCell.swift in Sources */,
				026CF5AE1F9A68A300269E2A /* OpenPodcastsCell.swift in Sources */,
				02847FBD1E54DE6400A1DC86 /* EpisodeCell.swift in Sources */,
				02EC2EEE1EAAF5D30077DF84 /* Versioned.xcdatamodeld in Sources */,
				0200C26A1F9AD21F00309527 /* WatchEpisodeCellViewModel.swift in Sources */,
			);
			runOnlyForDeploymentPostprocessing = 0;
		};
		02C1DCFC1E4B9281000C760D /* Sources */ = {
			isa = PBXSourcesBuildPhase;
			buildActionMask = 2147483647;
			files = (
				02C1DD081E4B9281000C760D /* ExtensionDelegate.swift in Sources */,
				0266441A1F9C216E00DDD87A /* TopPodcastsResponse.swift in Sources */,
				02666DD11EBAC37A0091293B /* PodcastTransferManager.swift in Sources */,
				027081E91F97292D00FBBE64 /* WKAudioFileQueuePlayer+RemoveCurrent.swift in Sources */,
				026644071F9C151F00DDD87A /* DownloadPodcastController.swift in Sources */,
				02EF91911F9C82A600FAE1D6 /* DownloadNotificationController.swift in Sources */,
				02BB4D291E4E914600F08B7F /* EpisodesTableRowController.swift in Sources */,
				026644241F9C2D2E00DDD87A /* DownloadEpisode.swift in Sources */,
				02D75C5B1F97DF8F009FC4B2 /* URLTransformer.swift in Sources */,
				02EFE6511F9C316A00C9D7BD /* DeleteAllController.swift in Sources */,
				026644091F9C15C600DDD87A /* DownloadPodcastRowController.swift in Sources */,
				02C1DD061E4B9281000C760D /* EpisodeListController.swift in Sources */,
				026644201F9C279500DDD87A /* PodcastDetails.swift in Sources */,
				026730061EBE96B500922CDC /* Podcast.swift in Sources */,
				02D75C5E1F97DFB2009FC4B2 /* UIImageTransformer.swift in Sources */,
				020E29721E920E7A008013C0 /* PersistentContainer.swift in Sources */,
				020E296E1E920E2A008013C0 /* Pod2WatchOnWatch.xcdatamodeld in Sources */,
				020932901E93326200948002 /* Episode.swift in Sources */,
				02256CED1EB901FF00BDFD4B /* NowPlayingController.swift in Sources */,
				0266441C1F9C269000DDD87A /* DownloadEpisodeController.swift in Sources */,
				020E296D1E9202EA008013C0 /* MessageType.swift in Sources */,
				026644161F9C210700DDD87A /* TopPodcastsFeed.swift in Sources */,
				0275B0351F9985C7006F5467 /* NotSyncedController.swift in Sources */,
				02CED0B11EBEC42000EE8AB1 /* SeekController.swift in Sources */,
				02DD2C4E1F9D9B6D0056E908 /* PodcastDownloadManager.swift in Sources */,
				0266441E1F9C275800DDD87A /* PodcastDetailsResponse.swift in Sources */,
				025216761F9D6E15001E808D /* TopPodcastDetails.swift in Sources */,
				025216701F9D3937001E808D /* File.swift in Sources */,
				026481AE1EBD0310002A3B2B /* AudioPlayer.swift in Sources */,
				0266440D1F9C194500DDD87A /* DownloadPodcast.swift in Sources */,
				0266440B1F9C15D400DDD87A /* DownloadEpisodeRowController.swift in Sources */,
				02C0ABD21EC663EE00D9876E /* ComplicationDataSource.swift in Sources */,
			);
			runOnlyForDeploymentPostprocessing = 0;
		};
/* End PBXSourcesBuildPhase section */

/* Begin PBXTargetDependency section */
		02C1DCF41E4B9281000C760D /* PBXTargetDependency */ = {
			isa = PBXTargetDependency;
			target = 02C1DCF01E4B9281000C760D /* Pod2Watch WatchKit App */;
			targetProxy = 02C1DCF31E4B9281000C760D /* PBXContainerItemProxy */;
		};
		02C1DD031E4B9281000C760D /* PBXTargetDependency */ = {
			isa = PBXTargetDependency;
			target = 02C1DCFF1E4B9281000C760D /* Pod2Watch WatchKit Extension */;
			targetProxy = 02C1DD021E4B9281000C760D /* PBXContainerItemProxy */;
		};
/* End PBXTargetDependency section */

/* Begin PBXVariantGroup section */
		02C1DCEB1E4B9281000C760D /* Main.storyboard */ = {
			isa = PBXVariantGroup;
			children = (
				02C1DCEC1E4B9281000C760D /* Base */,
			);
			name = Main.storyboard;
			path = .;
			sourceTree = "<group>";
		};
		02C1DCF61E4B9281000C760D /* Interface.storyboard */ = {
			isa = PBXVariantGroup;
			children = (
				02C1DCF71E4B9281000C760D /* Base */,
			);
			name = Interface.storyboard;
			path = .;
			sourceTree = "<group>";
		};
/* End PBXVariantGroup section */

/* Begin XCBuildConfiguration section */
		02C1DD0C1E4B9281000C760D /* Debug */ = {
			isa = XCBuildConfiguration;
			buildSettings = {
				ALWAYS_SEARCH_USER_PATHS = NO;
				CLANG_ANALYZER_NONNULL = YES;
				CLANG_CXX_LANGUAGE_STANDARD = "gnu++0x";
				CLANG_CXX_LIBRARY = "libc++";
				CLANG_ENABLE_MODULES = YES;
				CLANG_ENABLE_OBJC_ARC = YES;
				CLANG_WARN_BLOCK_CAPTURE_AUTORELEASING = YES;
				CLANG_WARN_BOOL_CONVERSION = YES;
				CLANG_WARN_COMMA = YES;
				CLANG_WARN_CONSTANT_CONVERSION = YES;
				CLANG_WARN_DIRECT_OBJC_ISA_USAGE = YES_ERROR;
				CLANG_WARN_DOCUMENTATION_COMMENTS = YES;
				CLANG_WARN_EMPTY_BODY = YES;
				CLANG_WARN_ENUM_CONVERSION = YES;
				CLANG_WARN_INFINITE_RECURSION = YES;
				CLANG_WARN_INT_CONVERSION = YES;
				CLANG_WARN_NON_LITERAL_NULL_CONVERSION = YES;
				CLANG_WARN_OBJC_LITERAL_CONVERSION = YES;
				CLANG_WARN_OBJC_ROOT_CLASS = YES_ERROR;
				CLANG_WARN_RANGE_LOOP_ANALYSIS = YES;
				CLANG_WARN_STRICT_PROTOTYPES = YES;
				CLANG_WARN_SUSPICIOUS_MOVE = YES;
				CLANG_WARN_UNREACHABLE_CODE = YES;
				CLANG_WARN__DUPLICATE_METHOD_MATCH = YES;
				"CODE_SIGN_IDENTITY[sdk=iphoneos*]" = "iPhone Developer";
				COPY_PHASE_STRIP = NO;
				DEBUG_INFORMATION_FORMAT = dwarf;
				ENABLE_STRICT_OBJC_MSGSEND = YES;
				ENABLE_TESTABILITY = YES;
				GCC_C_LANGUAGE_STANDARD = gnu99;
				GCC_DYNAMIC_NO_PIC = NO;
				GCC_NO_COMMON_BLOCKS = YES;
				GCC_OPTIMIZATION_LEVEL = 0;
				GCC_PREPROCESSOR_DEFINITIONS = (
					"DEBUG=1",
					"$(inherited)",
				);
				GCC_WARN_64_TO_32_BIT_CONVERSION = YES;
				GCC_WARN_ABOUT_RETURN_TYPE = YES_ERROR;
				GCC_WARN_UNDECLARED_SELECTOR = YES;
				GCC_WARN_UNINITIALIZED_AUTOS = YES_AGGRESSIVE;
				GCC_WARN_UNUSED_FUNCTION = YES;
				GCC_WARN_UNUSED_VARIABLE = YES;
				IPHONEOS_DEPLOYMENT_TARGET = 11.0;
				MTL_ENABLE_DEBUG_INFO = YES;
				ONLY_ACTIVE_ARCH = YES;
				SDKROOT = iphoneos;
				SWIFT_ACTIVE_COMPILATION_CONDITIONS = DEBUG;
				SWIFT_OPTIMIZATION_LEVEL = "-Onone";
				TARGETED_DEVICE_FAMILY = "1,2";
			};
			name = Debug;
		};
		02C1DD0D1E4B9281000C760D /* Release */ = {
			isa = XCBuildConfiguration;
			buildSettings = {
				ALWAYS_SEARCH_USER_PATHS = NO;
				CLANG_ANALYZER_NONNULL = YES;
				CLANG_CXX_LANGUAGE_STANDARD = "gnu++0x";
				CLANG_CXX_LIBRARY = "libc++";
				CLANG_ENABLE_MODULES = YES;
				CLANG_ENABLE_OBJC_ARC = YES;
				CLANG_WARN_BLOCK_CAPTURE_AUTORELEASING = YES;
				CLANG_WARN_BOOL_CONVERSION = YES;
				CLANG_WARN_COMMA = YES;
				CLANG_WARN_CONSTANT_CONVERSION = YES;
				CLANG_WARN_DIRECT_OBJC_ISA_USAGE = YES_ERROR;
				CLANG_WARN_DOCUMENTATION_COMMENTS = YES;
				CLANG_WARN_EMPTY_BODY = YES;
				CLANG_WARN_ENUM_CONVERSION = YES;
				CLANG_WARN_INFINITE_RECURSION = YES;
				CLANG_WARN_INT_CONVERSION = YES;
				CLANG_WARN_NON_LITERAL_NULL_CONVERSION = YES;
				CLANG_WARN_OBJC_LITERAL_CONVERSION = YES;
				CLANG_WARN_OBJC_ROOT_CLASS = YES_ERROR;
				CLANG_WARN_RANGE_LOOP_ANALYSIS = YES;
				CLANG_WARN_STRICT_PROTOTYPES = YES;
				CLANG_WARN_SUSPICIOUS_MOVE = YES;
				CLANG_WARN_UNREACHABLE_CODE = YES;
				CLANG_WARN__DUPLICATE_METHOD_MATCH = YES;
				"CODE_SIGN_IDENTITY[sdk=iphoneos*]" = "iPhone Developer";
				COPY_PHASE_STRIP = NO;
				DEBUG_INFORMATION_FORMAT = "dwarf-with-dsym";
				ENABLE_NS_ASSERTIONS = NO;
				ENABLE_STRICT_OBJC_MSGSEND = YES;
				GCC_C_LANGUAGE_STANDARD = gnu99;
				GCC_NO_COMMON_BLOCKS = YES;
				GCC_WARN_64_TO_32_BIT_CONVERSION = YES;
				GCC_WARN_ABOUT_RETURN_TYPE = YES_ERROR;
				GCC_WARN_UNDECLARED_SELECTOR = YES;
				GCC_WARN_UNINITIALIZED_AUTOS = YES_AGGRESSIVE;
				GCC_WARN_UNUSED_FUNCTION = YES;
				GCC_WARN_UNUSED_VARIABLE = YES;
				IPHONEOS_DEPLOYMENT_TARGET = 11.0;
				MTL_ENABLE_DEBUG_INFO = NO;
				SDKROOT = iphoneos;
				SWIFT_OPTIMIZATION_LEVEL = "-Owholemodule";
				TARGETED_DEVICE_FAMILY = "1,2";
				VALIDATE_PRODUCT = YES;
			};
			name = Release;
		};
		02C1DD0F1E4B9281000C760D /* Debug */ = {
			isa = XCBuildConfiguration;
			buildSettings = {
				ASSETCATALOG_COMPILER_COMPLICATION_NAME = Complication;
				CODE_SIGN_ENTITLEMENTS = "WatchKit Extension/Pod2Watch WatchKit Extension.entitlements";
				DEVELOPMENT_TEAM = 7XLNECBC46;
				FRAMEWORK_SEARCH_PATHS = (
					"$(inherited)",
					"$(PROJECT_DIR)/Carthage/Build/watchOS",
				);
				INFOPLIST_FILE = "WatchKit Extension/Info.plist";
				LD_RUNPATH_SEARCH_PATHS = "$(inherited) @executable_path/Frameworks @executable_path/../../Frameworks";
				PRODUCT_BUNDLE_IDENTIFIER = com.hollingsware.Pod2Watch.watchkitapp.watchkitextension;
				PRODUCT_NAME = "${TARGET_NAME}";
				SDKROOT = watchos;
				SKIP_INSTALL = YES;
				SWIFT_SWIFT3_OBJC_INFERENCE = Default;
				SWIFT_VERSION = 4.0;
				TARGETED_DEVICE_FAMILY = 4;
				WATCHOS_DEPLOYMENT_TARGET = 4.0;
			};
			name = Debug;
		};
		02C1DD101E4B9281000C760D /* Release */ = {
			isa = XCBuildConfiguration;
			buildSettings = {
				ASSETCATALOG_COMPILER_COMPLICATION_NAME = Complication;
				CODE_SIGN_ENTITLEMENTS = "WatchKit Extension/Pod2Watch WatchKit Extension.entitlements";
				DEVELOPMENT_TEAM = 7XLNECBC46;
				FRAMEWORK_SEARCH_PATHS = (
					"$(inherited)",
					"$(PROJECT_DIR)/Carthage/Build/watchOS",
				);
				INFOPLIST_FILE = "WatchKit Extension/Info.plist";
				LD_RUNPATH_SEARCH_PATHS = "$(inherited) @executable_path/Frameworks @executable_path/../../Frameworks";
				PRODUCT_BUNDLE_IDENTIFIER = com.hollingsware.Pod2Watch.watchkitapp.watchkitextension;
				PRODUCT_NAME = "${TARGET_NAME}";
				SDKROOT = watchos;
				SKIP_INSTALL = YES;
				SWIFT_SWIFT3_OBJC_INFERENCE = Default;
				SWIFT_VERSION = 4.0;
				TARGETED_DEVICE_FAMILY = 4;
				WATCHOS_DEPLOYMENT_TARGET = 4.0;
			};
			name = Release;
		};
		02C1DD131E4B9281000C760D /* Debug */ = {
			isa = XCBuildConfiguration;
			buildSettings = {
				ALWAYS_EMBED_SWIFT_STANDARD_LIBRARIES = YES;
				ASSETCATALOG_COMPILER_APPICON_NAME = WatchIcon;
				CODE_SIGN_ENTITLEMENTS = "Pod2Watch WatchKit App/Pod2Watch WatchKit App.entitlements";
				DEVELOPMENT_TEAM = 7XLNECBC46;
				IBSC_MODULE = Pod2Watch_WatchKit_Extension;
				INFOPLIST_FILE = "WatchKit App/Info.plist";
				PRODUCT_BUNDLE_IDENTIFIER = com.hollingsware.Pod2Watch.watchkitapp;
				PRODUCT_NAME = "$(TARGET_NAME)";
				SDKROOT = watchos;
				SKIP_INSTALL = YES;
				SWIFT_VERSION = 3.0;
				TARGETED_DEVICE_FAMILY = 4;
				WATCHOS_DEPLOYMENT_TARGET = 4.0;
			};
			name = Debug;
		};
		02C1DD141E4B9281000C760D /* Release */ = {
			isa = XCBuildConfiguration;
			buildSettings = {
				ALWAYS_EMBED_SWIFT_STANDARD_LIBRARIES = YES;
				ASSETCATALOG_COMPILER_APPICON_NAME = WatchIcon;
				CODE_SIGN_ENTITLEMENTS = "Pod2Watch WatchKit App/Pod2Watch WatchKit App.entitlements";
				DEVELOPMENT_TEAM = 7XLNECBC46;
				IBSC_MODULE = Pod2Watch_WatchKit_Extension;
				INFOPLIST_FILE = "WatchKit App/Info.plist";
				PRODUCT_BUNDLE_IDENTIFIER = com.hollingsware.Pod2Watch.watchkitapp;
				PRODUCT_NAME = "$(TARGET_NAME)";
				SDKROOT = watchos;
				SKIP_INSTALL = YES;
				SWIFT_VERSION = 3.0;
				TARGETED_DEVICE_FAMILY = 4;
				WATCHOS_DEPLOYMENT_TARGET = 4.0;
			};
			name = Release;
		};
		02C1DD171E4B9281000C760D /* Debug */ = {
			isa = XCBuildConfiguration;
			buildSettings = {
				ALWAYS_EMBED_SWIFT_STANDARD_LIBRARIES = YES;
				ASSETCATALOG_COMPILER_APPICON_NAME = AppIcon;
				CODE_SIGN_ENTITLEMENTS = Pod2Watch/Pod2Watch.entitlements;
				DEVELOPMENT_TEAM = 7XLNECBC46;
				FRAMEWORK_SEARCH_PATHS = (
					"$(inherited)",
					"$(PROJECT_DIR)/Carthage/Build/iOS",
				);
				HEADER_SEARCH_PATHS = "";
				INFOPLIST_FILE = Pod2Watch/Info.plist;
				LD_RUNPATH_SEARCH_PATHS = "$(inherited) @executable_path/Frameworks";
				PRODUCT_BUNDLE_IDENTIFIER = com.hollingsware.Pod2Watch;
				PRODUCT_NAME = "$(TARGET_NAME)";
				SWIFT_SWIFT3_OBJC_INFERENCE = Default;
				SWIFT_VERSION = 4.0;
				TARGETED_DEVICE_FAMILY = 1;
			};
			name = Debug;
		};
		02C1DD181E4B9281000C760D /* Release */ = {
			isa = XCBuildConfiguration;
			buildSettings = {
				ALWAYS_EMBED_SWIFT_STANDARD_LIBRARIES = YES;
				ASSETCATALOG_COMPILER_APPICON_NAME = AppIcon;
				CODE_SIGN_ENTITLEMENTS = Pod2Watch/Pod2Watch.entitlements;
				DEVELOPMENT_TEAM = 7XLNECBC46;
				FRAMEWORK_SEARCH_PATHS = (
					"$(inherited)",
					"$(PROJECT_DIR)/Carthage/Build/iOS",
				);
				HEADER_SEARCH_PATHS = "";
				INFOPLIST_FILE = Pod2Watch/Info.plist;
				LD_RUNPATH_SEARCH_PATHS = "$(inherited) @executable_path/Frameworks";
				PRODUCT_BUNDLE_IDENTIFIER = com.hollingsware.Pod2Watch;
				PRODUCT_NAME = "$(TARGET_NAME)";
				SWIFT_SWIFT3_OBJC_INFERENCE = Default;
				SWIFT_VERSION = 4.0;
				TARGETED_DEVICE_FAMILY = 1;
			};
			name = Release;
		};
/* End XCBuildConfiguration section */

/* Begin XCConfigurationList section */
		02C1DCDA1E4B9281000C760D /* Build configuration list for PBXProject "Pod2Watch" */ = {
			isa = XCConfigurationList;
			buildConfigurations = (
				02C1DD0C1E4B9281000C760D /* Debug */,
				02C1DD0D1E4B9281000C760D /* Release */,
			);
			defaultConfigurationIsVisible = 0;
			defaultConfigurationName = Release;
		};
		02C1DD0E1E4B9281000C760D /* Build configuration list for PBXNativeTarget "Pod2Watch WatchKit Extension" */ = {
			isa = XCConfigurationList;
			buildConfigurations = (
				02C1DD0F1E4B9281000C760D /* Debug */,
				02C1DD101E4B9281000C760D /* Release */,
			);
			defaultConfigurationIsVisible = 0;
			defaultConfigurationName = Release;
		};
		02C1DD121E4B9281000C760D /* Build configuration list for PBXNativeTarget "Pod2Watch WatchKit App" */ = {
			isa = XCConfigurationList;
			buildConfigurations = (
				02C1DD131E4B9281000C760D /* Debug */,
				02C1DD141E4B9281000C760D /* Release */,
			);
			defaultConfigurationIsVisible = 0;
			defaultConfigurationName = Release;
		};
		02C1DD161E4B9281000C760D /* Build configuration list for PBXNativeTarget "Pod2Watch" */ = {
			isa = XCConfigurationList;
			buildConfigurations = (
				02C1DD171E4B9281000C760D /* Debug */,
				02C1DD181E4B9281000C760D /* Release */,
			);
			defaultConfigurationIsVisible = 0;
			defaultConfigurationName = Release;
		};
/* End XCConfigurationList section */

/* Begin XCVersionGroup section */
		021C82671E88545700E2265E /* Pod2WatchOnWatch.xcdatamodeld */ = {
			isa = XCVersionGroup;
			children = (
				026730031EBE949D00922CDC /* Pod2WatchOnWatch 1.1.xcdatamodel */,
				021C82681E88545700E2265E /* Pod2WatchOnWatch.xcdatamodel */,
			);
			currentVersion = 026730031EBE949D00922CDC /* Pod2WatchOnWatch 1.1.xcdatamodel */;
			path = Pod2WatchOnWatch.xcdatamodeld;
			sourceTree = "<group>";
			versionGroupType = wrapper.xcdatamodel;
		};
		021C826E1E88B6C400E2265E /* Pod2WatchPersistent.xcdatamodeld */ = {
			isa = XCVersionGroup;
			children = (
				02EC2EF01EAAF72F0077DF84 /* Pod2WatchPersistent 1.1.xcdatamodel */,
				021C826F1E88B6C400E2265E /* Pod2WatchPersistent.xcdatamodel */,
			);
			currentVersion = 02EC2EF01EAAF72F0077DF84 /* Pod2WatchPersistent 1.1.xcdatamodel */;
			path = Pod2WatchPersistent.xcdatamodeld;
			sourceTree = "<group>";
			versionGroupType = wrapper.xcdatamodel;
		};
		02C1DD1B1E4B929D000C760D /* Pod2Watch.xcdatamodeld */ = {
			isa = XCVersionGroup;
			children = (
				02EC2EEF1EAAF6360077DF84 /* Pod2Watch 1.1.xcdatamodel */,
				02C1DD1C1E4B929D000C760D /* Pod2Watch.xcdatamodel */,
			);
			currentVersion = 02EC2EEF1EAAF6360077DF84 /* Pod2Watch 1.1.xcdatamodel */;
			path = Pod2Watch.xcdatamodeld;
			sourceTree = "<group>";
			versionGroupType = wrapper.xcdatamodel;
		};
		02EC2EEC1EAAF5D30077DF84 /* Versioned.xcdatamodeld */ = {
			isa = XCVersionGroup;
			children = (
				02EC2EED1EAAF5D30077DF84 /* Versioned.xcdatamodel */,
			);
			currentVersion = 02EC2EED1EAAF5D30077DF84 /* Versioned.xcdatamodel */;
			path = Versioned.xcdatamodeld;
			sourceTree = "<group>";
			versionGroupType = wrapper.xcdatamodel;
		};
/* End XCVersionGroup section */
	};
	rootObject = 02C1DCD71E4B9281000C760D /* Project object */;
}
